// !$*UTF8*$!
{
	archiveVersion = 1;
	classes = {
	};
	objectVersion = 46;
	objects = {

/* Begin PBXBuildFile section */
		F22228E31D810C7A00167379 /* CBPWKLWaterCupsAction.m in Sources */ = {isa = PBXBuildFile; fileRef = F22228E21D810C7A00167379 /* CBPWKLWaterCupsAction.m */; };
		F24E97BE1D86B178001AB1FB /* CBPBinStringManager.mm in Sources */ = {isa = PBXBuildFile; fileRef = F24E97BD1D86B178001AB1FB /* CBPBinStringManager.mm */; };
		F24E97C11D87E8A5001AB1FB /* CBPWKLSimpleDataAction.m in Sources */ = {isa = PBXBuildFile; fileRef = F24E97C01D87E8A5001AB1FB /* CBPWKLSimpleDataAction.m */; };
		F261537C1D797F05008230B4 /* SynchronizeStepTableViewController.m in Sources */ = {isa = PBXBuildFile; fileRef = F261537B1D797F05008230B4 /* SynchronizeStepTableViewController.m */; };
		F261537E1D7D259E008230B4 /* parameter_result.plist in Resources */ = {isa = PBXBuildFile; fileRef = F261537D1D7D259E008230B4 /* parameter_result.plist */; };
		F26153851D7E66D8008230B4 /* CBPStepTableViewCell.m in Sources */ = {isa = PBXBuildFile; fileRef = F26153831D7E66D8008230B4 /* CBPStepTableViewCell.m */; };
		F26153861D7E66D8008230B4 /* CBPStepTableViewCell.xib in Resources */ = {isa = PBXBuildFile; fileRef = F26153841D7E66D8008230B4 /* CBPStepTableViewCell.xib */; };
		F26153891D7E6D0F008230B4 /* CBPWKLSynchronizeSleepAction.m in Sources */ = {isa = PBXBuildFile; fileRef = F26153881D7E6D0F008230B4 /* CBPWKLSynchronizeSleepAction.m */; };
		F261538C1D7E9476008230B4 /* SynchronizeSleepTableViewController.m in Sources */ = {isa = PBXBuildFile; fileRef = F261538B1D7E9476008230B4 /* SynchronizeSleepTableViewController.m */; };
		F26153901D7E9771008230B4 /* CBPSleepTableViewCell.m in Sources */ = {isa = PBXBuildFile; fileRef = F261538E1D7E9771008230B4 /* CBPSleepTableViewCell.m */; };
		F26153911D7E9771008230B4 /* CBPSleepTableViewCell.xib in Resources */ = {isa = PBXBuildFile; fileRef = F261538F1D7E9771008230B4 /* CBPSleepTableViewCell.xib */; };
		F26153941D7EA139008230B4 /* CBPWKLQueryDeviceVersionAction.m in Sources */ = {isa = PBXBuildFile; fileRef = F26153931D7EA139008230B4 /* CBPWKLQueryDeviceVersionAction.m */; };
		F26153971D7EAA2E008230B4 /* CBPWKLFirmwareUpgradeAction.m in Sources */ = {isa = PBXBuildFile; fileRef = F26153961D7EAA2E008230B4 /* CBPWKLFirmwareUpgradeAction.m */; };
		F261539A1D7EB0B6008230B4 /* CBPWKLRestartAction.m in Sources */ = {isa = PBXBuildFile; fileRef = F26153991D7EB0B6008230B4 /* CBPWKLRestartAction.m */; };
		F26DD4B91D75731E0043FED4 /* NSDate+CBPUtilityTool.m in Sources */ = {isa = PBXBuildFile; fileRef = F26DD4B81D75731E0043FED4 /* NSDate+CBPUtilityTool.m */; };
		F26DD4BB1D780A6F0043FED4 /* CBPInterface.plist in Resources */ = {isa = PBXBuildFile; fileRef = F26DD4BA1D780A6F0043FED4 /* CBPInterface.plist */; };
		F26DD4BE1D7810320043FED4 /* CBPShowResultTableViewController.m in Sources */ = {isa = PBXBuildFile; fileRef = F26DD4BD1D7810320043FED4 /* CBPShowResultTableViewController.m */; };
		F26DD4C11D7816F50043FED4 /* CBPWKLPedometerTimeIntervalAction.m in Sources */ = {isa = PBXBuildFile; fileRef = F26DD4C01D7816F50043FED4 /* CBPWKLPedometerTimeIntervalAction.m */; };
		F26DD4CA1D7820FD0043FED4 /* CBPWKLSendCommonLongPackageAction.m in Sources */ = {isa = PBXBuildFile; fileRef = F26DD4C91D7820FD0043FED4 /* CBPWKLSendCommonLongPackageAction.m */; };
		F26DD4CD1D7821490043FED4 /* CBPWKLSynchronizeStepAction.m in Sources */ = {isa = PBXBuildFile; fileRef = F26DD4CC1D7821490043FED4 /* CBPWKLSynchronizeStepAction.m */; };
		F27637181D61A45F006597AC /* main.m in Sources */ = {isa = PBXBuildFile; fileRef = F27637171D61A45F006597AC /* main.m */; };
		F276371B1D61A45F006597AC /* AppDelegate.m in Sources */ = {isa = PBXBuildFile; fileRef = F276371A1D61A45F006597AC /* AppDelegate.m */; };
		F276371E1D61A45F006597AC /* ViewController.m in Sources */ = {isa = PBXBuildFile; fileRef = F276371D1D61A45F006597AC /* ViewController.m */; };
		F27637211D61A45F006597AC /* Main.storyboard in Resources */ = {isa = PBXBuildFile; fileRef = F276371F1D61A45F006597AC /* Main.storyboard */; };
		F27637231D61A45F006597AC /* Assets.xcassets in Resources */ = {isa = PBXBuildFile; fileRef = F27637221D61A45F006597AC /* Assets.xcassets */; };
		F27637261D61A45F006597AC /* LaunchScreen.storyboard in Resources */ = {isa = PBXBuildFile; fileRef = F27637241D61A45F006597AC /* LaunchScreen.storyboard */; };
		F2C548C21D62FC4000A665F3 /* CBPBaseClient.m in Sources */ = {isa = PBXBuildFile; fileRef = F2C548B31D62FC4000A665F3 /* CBPBaseClient.m */; };
		F2C548C31D62FC4000A665F3 /* CBPBaseActionDataModel.m in Sources */ = {isa = PBXBuildFile; fileRef = F2C548B91D62FC4000A665F3 /* CBPBaseActionDataModel.m */; };
		F2C548C41D62FC4000A665F3 /* CBPBaseCharacteristicModel.m in Sources */ = {isa = PBXBuildFile; fileRef = F2C548BB1D62FC4000A665F3 /* CBPBaseCharacteristicModel.m */; };
		F2C548C51D62FC4000A665F3 /* CBPBasePeripheralModel.m in Sources */ = {isa = PBXBuildFile; fileRef = F2C548BD1D62FC4000A665F3 /* CBPBasePeripheralModel.m */; };
		F2C548C61D62FC4000A665F3 /* CBPBaseServiceModel.m in Sources */ = {isa = PBXBuildFile; fileRef = F2C548BF1D62FC4000A665F3 /* CBPBaseServiceModel.m */; };
		F2C548D21D62FCBE00A665F3 /* CBPBaseDevice.m in Sources */ = {isa = PBXBuildFile; fileRef = F2C548D11D62FCBE00A665F3 /* CBPBaseDevice.m */; };
		F2C548D51D62FDBF00A665F3 /* CBPBaseAction.m in Sources */ = {isa = PBXBuildFile; fileRef = F2C548D41D62FDBF00A665F3 /* CBPBaseAction.m */; };
		F2C548DF1D6307DD00A665F3 /* CBPBaseError.m in Sources */ = {isa = PBXBuildFile; fileRef = F2C548DE1D6307DD00A665F3 /* CBPBaseError.m */; };
		F2C548E21D63084C00A665F3 /* CBPBaseWorkingManager.m in Sources */ = {isa = PBXBuildFile; fileRef = F2C548E11D63084C00A665F3 /* CBPBaseWorkingManager.m */; };
		F2C548E51D6308B700A665F3 /* CBPBaseController.m in Sources */ = {isa = PBXBuildFile; fileRef = F2C548E41D6308B700A665F3 /* CBPBaseController.m */; };
		F2C548EA1D6309F200A665F3 /* CBPHexStringManager.mm in Sources */ = {isa = PBXBuildFile; fileRef = F2C548E71D6309F200A665F3 /* CBPHexStringManager.mm */; };
		F2C548EB1D6309F200A665F3 /* CBPStringToHex.mm in Sources */ = {isa = PBXBuildFile; fileRef = F2C548E91D6309F200A665F3 /* CBPStringToHex.mm */; };
		F2C548EE1D630B4800A665F3 /* CBPWKLController.m in Sources */ = {isa = PBXBuildFile; fileRef = F2C548ED1D630B4800A665F3 /* CBPWKLController.m */; };
		F2C549021D644DEC00A665F3 /* CBPWKLBindDeviceAction.m in Sources */ = {isa = PBXBuildFile; fileRef = F2C548F31D644DEC00A665F3 /* CBPWKLBindDeviceAction.m */; };
		F2C549051D644DEC00A665F3 /* CBPWKLSimpleControlAction.m in Sources */ = {isa = PBXBuildFile; fileRef = F2C548F91D644DEC00A665F3 /* CBPWKLSimpleControlAction.m */; };
		F2C549081D644DEC00A665F3 /* CBPWKLSynchronizeParameterAction.m in Sources */ = {isa = PBXBuildFile; fileRef = F2C548FF1D644DEC00A665F3 /* CBPWKLSynchronizeParameterAction.m */; };
		F2C549091D644DEC00A665F3 /* CBPWKLTransparentTransmissionAction.mm in Sources */ = {isa = PBXBuildFile; fileRef = F2C549011D644DEC00A665F3 /* CBPWKLTransparentTransmissionAction.mm */; };
		F2DAE62E1D6BE60100E01238 /* CBPBluetooth.plist in Resources */ = {isa = PBXBuildFile; fileRef = F2DAE62A1D6BE60100E01238 /* CBPBluetooth.plist */; };
		F2DAE62F1D6BE60100E01238 /* CBPDevice.plist in Resources */ = {isa = PBXBuildFile; fileRef = F2DAE62B1D6BE60100E01238 /* CBPDevice.plist */; };
		F2DAE6301D6BE60100E01238 /* CBPUpgradeWay.plist in Resources */ = {isa = PBXBuildFile; fileRef = F2DAE62C1D6BE60100E01238 /* CBPUpgradeWay.plist */; };
		F2DAE6311D6BE60100E01238 /* CBPWKLBluetooth.plist in Resources */ = {isa = PBXBuildFile; fileRef = F2DAE62D1D6BE60100E01238 /* CBPWKLBluetooth.plist */; };
/* End PBXBuildFile section */

/* Begin PBXFileReference section */
		F22228E11D810C7A00167379 /* CBPWKLWaterCupsAction.h */ = {isa = PBXFileReference; fileEncoding = 4; lastKnownFileType = sourcecode.c.h; path = CBPWKLWaterCupsAction.h; sourceTree = "<group>"; };
		F22228E21D810C7A00167379 /* CBPWKLWaterCupsAction.m */ = {isa = PBXFileReference; fileEncoding = 4; lastKnownFileType = sourcecode.c.objc; path = CBPWKLWaterCupsAction.m; sourceTree = "<group>"; };
		F24E97BC1D86B178001AB1FB /* CBPBinStringManager.h */ = {isa = PBXFileReference; fileEncoding = 4; lastKnownFileType = sourcecode.c.h; path = CBPBinStringManager.h; sourceTree = "<group>"; };
		F24E97BD1D86B178001AB1FB /* CBPBinStringManager.mm */ = {isa = PBXFileReference; fileEncoding = 4; lastKnownFileType = sourcecode.cpp.objcpp; path = CBPBinStringManager.mm; sourceTree = "<group>"; };
		F24E97BF1D87E8A5001AB1FB /* CBPWKLSimpleDataAction.h */ = {isa = PBXFileReference; fileEncoding = 4; lastKnownFileType = sourcecode.c.h; path = CBPWKLSimpleDataAction.h; sourceTree = "<group>"; };
		F24E97C01D87E8A5001AB1FB /* CBPWKLSimpleDataAction.m */ = {isa = PBXFileReference; fileEncoding = 4; lastKnownFileType = sourcecode.c.objc; path = CBPWKLSimpleDataAction.m; sourceTree = "<group>"; };
		F261537A1D797F05008230B4 /* SynchronizeStepTableViewController.h */ = {isa = PBXFileReference; fileEncoding = 4; lastKnownFileType = sourcecode.c.h; path = SynchronizeStepTableViewController.h; sourceTree = "<group>"; };
		F261537B1D797F05008230B4 /* SynchronizeStepTableViewController.m */ = {isa = PBXFileReference; fileEncoding = 4; lastKnownFileType = sourcecode.c.objc; path = SynchronizeStepTableViewController.m; sourceTree = "<group>"; };
		F261537D1D7D259E008230B4 /* parameter_result.plist */ = {isa = PBXFileReference; fileEncoding = 4; lastKnownFileType = text.plist.xml; path = parameter_result.plist; sourceTree = "<group>"; };
		F26153821D7E66D8008230B4 /* CBPStepTableViewCell.h */ = {isa = PBXFileReference; fileEncoding = 4; lastKnownFileType = sourcecode.c.h; path = CBPStepTableViewCell.h; sourceTree = "<group>"; };
		F26153831D7E66D8008230B4 /* CBPStepTableViewCell.m */ = {isa = PBXFileReference; fileEncoding = 4; lastKnownFileType = sourcecode.c.objc; path = CBPStepTableViewCell.m; sourceTree = "<group>"; };
		F26153841D7E66D8008230B4 /* CBPStepTableViewCell.xib */ = {isa = PBXFileReference; fileEncoding = 4; lastKnownFileType = file.xib; path = CBPStepTableViewCell.xib; sourceTree = "<group>"; };
		F26153871D7E6D0F008230B4 /* CBPWKLSynchronizeSleepAction.h */ = {isa = PBXFileReference; fileEncoding = 4; lastKnownFileType = sourcecode.c.h; path = CBPWKLSynchronizeSleepAction.h; sourceTree = "<group>"; };
		F26153881D7E6D0F008230B4 /* CBPWKLSynchronizeSleepAction.m */ = {isa = PBXFileReference; fileEncoding = 4; lastKnownFileType = sourcecode.c.objc; path = CBPWKLSynchronizeSleepAction.m; sourceTree = "<group>"; };
		F261538A1D7E9476008230B4 /* SynchronizeSleepTableViewController.h */ = {isa = PBXFileReference; fileEncoding = 4; lastKnownFileType = sourcecode.c.h; path = SynchronizeSleepTableViewController.h; sourceTree = "<group>"; };
		F261538B1D7E9476008230B4 /* SynchronizeSleepTableViewController.m */ = {isa = PBXFileReference; fileEncoding = 4; lastKnownFileType = sourcecode.c.objc; path = SynchronizeSleepTableViewController.m; sourceTree = "<group>"; };
		F261538D1D7E9771008230B4 /* CBPSleepTableViewCell.h */ = {isa = PBXFileReference; fileEncoding = 4; lastKnownFileType = sourcecode.c.h; path = CBPSleepTableViewCell.h; sourceTree = "<group>"; };
		F261538E1D7E9771008230B4 /* CBPSleepTableViewCell.m */ = {isa = PBXFileReference; fileEncoding = 4; lastKnownFileType = sourcecode.c.objc; path = CBPSleepTableViewCell.m; sourceTree = "<group>"; };
		F261538F1D7E9771008230B4 /* CBPSleepTableViewCell.xib */ = {isa = PBXFileReference; fileEncoding = 4; lastKnownFileType = file.xib; path = CBPSleepTableViewCell.xib; sourceTree = "<group>"; };
		F26153921D7EA139008230B4 /* CBPWKLQueryDeviceVersionAction.h */ = {isa = PBXFileReference; fileEncoding = 4; lastKnownFileType = sourcecode.c.h; path = CBPWKLQueryDeviceVersionAction.h; sourceTree = "<group>"; };
		F26153931D7EA139008230B4 /* CBPWKLQueryDeviceVersionAction.m */ = {isa = PBXFileReference; fileEncoding = 4; lastKnownFileType = sourcecode.c.objc; path = CBPWKLQueryDeviceVersionAction.m; sourceTree = "<group>"; };
		F26153951D7EAA2E008230B4 /* CBPWKLFirmwareUpgradeAction.h */ = {isa = PBXFileReference; fileEncoding = 4; lastKnownFileType = sourcecode.c.h; path = CBPWKLFirmwareUpgradeAction.h; sourceTree = "<group>"; };
		F26153961D7EAA2E008230B4 /* CBPWKLFirmwareUpgradeAction.m */ = {isa = PBXFileReference; fileEncoding = 4; lastKnownFileType = sourcecode.c.objc; path = CBPWKLFirmwareUpgradeAction.m; sourceTree = "<group>"; };
		F26153981D7EB0B6008230B4 /* CBPWKLRestartAction.h */ = {isa = PBXFileReference; fileEncoding = 4; lastKnownFileType = sourcecode.c.h; path = CBPWKLRestartAction.h; sourceTree = "<group>"; };
		F26153991D7EB0B6008230B4 /* CBPWKLRestartAction.m */ = {isa = PBXFileReference; fileEncoding = 4; lastKnownFileType = sourcecode.c.objc; path = CBPWKLRestartAction.m; sourceTree = "<group>"; };
		F26DD4B71D75731E0043FED4 /* NSDate+CBPUtilityTool.h */ = {isa = PBXFileReference; fileEncoding = 4; lastKnownFileType = sourcecode.c.h; path = "NSDate+CBPUtilityTool.h"; sourceTree = "<group>"; };
		F26DD4B81D75731E0043FED4 /* NSDate+CBPUtilityTool.m */ = {isa = PBXFileReference; fileEncoding = 4; lastKnownFileType = sourcecode.c.objc; path = "NSDate+CBPUtilityTool.m"; sourceTree = "<group>"; };
		F26DD4BA1D780A6F0043FED4 /* CBPInterface.plist */ = {isa = PBXFileReference; fileEncoding = 4; lastKnownFileType = text.plist.xml; path = CBPInterface.plist; sourceTree = "<group>"; };
		F26DD4BC1D7810320043FED4 /* CBPShowResultTableViewController.h */ = {isa = PBXFileReference; fileEncoding = 4; lastKnownFileType = sourcecode.c.h; path = CBPShowResultTableViewController.h; sourceTree = "<group>"; };
		F26DD4BD1D7810320043FED4 /* CBPShowResultTableViewController.m */ = {isa = PBXFileReference; fileEncoding = 4; lastKnownFileType = sourcecode.c.objc; path = CBPShowResultTableViewController.m; sourceTree = "<group>"; };
		F26DD4BF1D7816F50043FED4 /* CBPWKLPedometerTimeIntervalAction.h */ = {isa = PBXFileReference; fileEncoding = 4; lastKnownFileType = sourcecode.c.h; path = CBPWKLPedometerTimeIntervalAction.h; sourceTree = "<group>"; };
		F26DD4C01D7816F50043FED4 /* CBPWKLPedometerTimeIntervalAction.m */ = {isa = PBXFileReference; fileEncoding = 4; lastKnownFileType = sourcecode.c.objc; path = CBPWKLPedometerTimeIntervalAction.m; sourceTree = "<group>"; };
		F26DD4C81D7820FD0043FED4 /* CBPWKLSendCommonLongPackageAction.h */ = {isa = PBXFileReference; fileEncoding = 4; lastKnownFileType = sourcecode.c.h; path = CBPWKLSendCommonLongPackageAction.h; sourceTree = "<group>"; };
		F26DD4C91D7820FD0043FED4 /* CBPWKLSendCommonLongPackageAction.m */ = {isa = PBXFileReference; fileEncoding = 4; lastKnownFileType = sourcecode.c.objc; path = CBPWKLSendCommonLongPackageAction.m; sourceTree = "<group>"; };
		F26DD4CB1D7821490043FED4 /* CBPWKLSynchronizeStepAction.h */ = {isa = PBXFileReference; fileEncoding = 4; lastKnownFileType = sourcecode.c.h; path = CBPWKLSynchronizeStepAction.h; sourceTree = "<group>"; };
		F26DD4CC1D7821490043FED4 /* CBPWKLSynchronizeStepAction.m */ = {isa = PBXFileReference; fileEncoding = 4; lastKnownFileType = sourcecode.c.objc; path = CBPWKLSynchronizeStepAction.m; sourceTree = "<group>"; };
		F27637131D61A45F006597AC /* CoreBluetoothPlusSDK.app */ = {isa = PBXFileReference; explicitFileType = wrapper.application; includeInIndex = 0; path = CoreBluetoothPlusSDK.app; sourceTree = BUILT_PRODUCTS_DIR; };
		F27637171D61A45F006597AC /* main.m */ = {isa = PBXFileReference; lastKnownFileType = sourcecode.c.objc; path = main.m; sourceTree = "<group>"; };
		F27637191D61A45F006597AC /* AppDelegate.h */ = {isa = PBXFileReference; lastKnownFileType = sourcecode.c.h; path = AppDelegate.h; sourceTree = "<group>"; };
		F276371A1D61A45F006597AC /* AppDelegate.m */ = {isa = PBXFileReference; lastKnownFileType = sourcecode.c.objc; path = AppDelegate.m; sourceTree = "<group>"; };
		F276371C1D61A45F006597AC /* ViewController.h */ = {isa = PBXFileReference; lastKnownFileType = sourcecode.c.h; path = ViewController.h; sourceTree = "<group>"; };
		F276371D1D61A45F006597AC /* ViewController.m */ = {isa = PBXFileReference; lastKnownFileType = sourcecode.c.objc; path = ViewController.m; sourceTree = "<group>"; };
		F27637201D61A45F006597AC /* Base */ = {isa = PBXFileReference; lastKnownFileType = file.storyboard; name = Base; path = Base.lproj/Main.storyboard; sourceTree = "<group>"; };
		F27637221D61A45F006597AC /* Assets.xcassets */ = {isa = PBXFileReference; lastKnownFileType = folder.assetcatalog; path = Assets.xcassets; sourceTree = "<group>"; };
		F27637251D61A45F006597AC /* Base */ = {isa = PBXFileReference; lastKnownFileType = file.storyboard; name = Base; path = Base.lproj/LaunchScreen.storyboard; sourceTree = "<group>"; };
		F27637271D61A45F006597AC /* Info.plist */ = {isa = PBXFileReference; lastKnownFileType = text.plist.xml; path = Info.plist; sourceTree = "<group>"; };
		F2C548B21D62FC4000A665F3 /* CBPBaseClient.h */ = {isa = PBXFileReference; fileEncoding = 4; lastKnownFileType = sourcecode.c.h; path = CBPBaseClient.h; sourceTree = "<group>"; };
		F2C548B31D62FC4000A665F3 /* CBPBaseClient.m */ = {isa = PBXFileReference; fileEncoding = 4; lastKnownFileType = sourcecode.c.objc; path = CBPBaseClient.m; sourceTree = "<group>"; };
		F2C548B81D62FC4000A665F3 /* CBPBaseActionDataModel.h */ = {isa = PBXFileReference; fileEncoding = 4; lastKnownFileType = sourcecode.c.h; path = CBPBaseActionDataModel.h; sourceTree = "<group>"; };
		F2C548B91D62FC4000A665F3 /* CBPBaseActionDataModel.m */ = {isa = PBXFileReference; fileEncoding = 4; lastKnownFileType = sourcecode.c.objc; path = CBPBaseActionDataModel.m; sourceTree = "<group>"; };
		F2C548BA1D62FC4000A665F3 /* CBPBaseCharacteristicModel.h */ = {isa = PBXFileReference; fileEncoding = 4; lastKnownFileType = sourcecode.c.h; path = CBPBaseCharacteristicModel.h; sourceTree = "<group>"; };
		F2C548BB1D62FC4000A665F3 /* CBPBaseCharacteristicModel.m */ = {isa = PBXFileReference; fileEncoding = 4; lastKnownFileType = sourcecode.c.objc; path = CBPBaseCharacteristicModel.m; sourceTree = "<group>"; };
		F2C548BC1D62FC4000A665F3 /* CBPBasePeripheralModel.h */ = {isa = PBXFileReference; fileEncoding = 4; lastKnownFileType = sourcecode.c.h; path = CBPBasePeripheralModel.h; sourceTree = "<group>"; };
		F2C548BD1D62FC4000A665F3 /* CBPBasePeripheralModel.m */ = {isa = PBXFileReference; fileEncoding = 4; lastKnownFileType = sourcecode.c.objc; path = CBPBasePeripheralModel.m; sourceTree = "<group>"; };
		F2C548BE1D62FC4000A665F3 /* CBPBaseServiceModel.h */ = {isa = PBXFileReference; fileEncoding = 4; lastKnownFileType = sourcecode.c.h; path = CBPBaseServiceModel.h; sourceTree = "<group>"; };
		F2C548BF1D62FC4000A665F3 /* CBPBaseServiceModel.m */ = {isa = PBXFileReference; fileEncoding = 4; lastKnownFileType = sourcecode.c.objc; path = CBPBaseServiceModel.m; sourceTree = "<group>"; };
		F2C548D01D62FCBE00A665F3 /* CBPBaseDevice.h */ = {isa = PBXFileReference; fileEncoding = 4; lastKnownFileType = sourcecode.c.h; path = CBPBaseDevice.h; sourceTree = "<group>"; };
		F2C548D11D62FCBE00A665F3 /* CBPBaseDevice.m */ = {isa = PBXFileReference; fileEncoding = 4; lastKnownFileType = sourcecode.c.objc; path = CBPBaseDevice.m; sourceTree = "<group>"; };
		F2C548D31D62FDBF00A665F3 /* CBPBaseAction.h */ = {isa = PBXFileReference; fileEncoding = 4; lastKnownFileType = sourcecode.c.h; path = CBPBaseAction.h; sourceTree = "<group>"; };
		F2C548D41D62FDBF00A665F3 /* CBPBaseAction.m */ = {isa = PBXFileReference; fileEncoding = 4; lastKnownFileType = sourcecode.c.objc; path = CBPBaseAction.m; sourceTree = "<group>"; };
		F2C548DC1D6300ED00A665F3 /* CoreBluetoothPlus.h */ = {isa = PBXFileReference; lastKnownFileType = sourcecode.c.h; path = CoreBluetoothPlus.h; sourceTree = "<group>"; };
		F2C548DD1D6307DD00A665F3 /* CBPBaseError.h */ = {isa = PBXFileReference; fileEncoding = 4; lastKnownFileType = sourcecode.c.h; path = CBPBaseError.h; sourceTree = "<group>"; };
		F2C548DE1D6307DD00A665F3 /* CBPBaseError.m */ = {isa = PBXFileReference; fileEncoding = 4; lastKnownFileType = sourcecode.c.objc; path = CBPBaseError.m; sourceTree = "<group>"; };
		F2C548E01D63084C00A665F3 /* CBPBaseWorkingManager.h */ = {isa = PBXFileReference; fileEncoding = 4; lastKnownFileType = sourcecode.c.h; path = CBPBaseWorkingManager.h; sourceTree = "<group>"; };
		F2C548E11D63084C00A665F3 /* CBPBaseWorkingManager.m */ = {isa = PBXFileReference; fileEncoding = 4; lastKnownFileType = sourcecode.c.objc; path = CBPBaseWorkingManager.m; sourceTree = "<group>"; };
		F2C548E31D6308B700A665F3 /* CBPBaseController.h */ = {isa = PBXFileReference; fileEncoding = 4; lastKnownFileType = sourcecode.c.h; path = CBPBaseController.h; sourceTree = "<group>"; };
		F2C548E41D6308B700A665F3 /* CBPBaseController.m */ = {isa = PBXFileReference; fileEncoding = 4; lastKnownFileType = sourcecode.c.objc; path = CBPBaseController.m; sourceTree = "<group>"; };
		F2C548E61D6309F200A665F3 /* CBPHexStringManager.h */ = {isa = PBXFileReference; fileEncoding = 4; lastKnownFileType = sourcecode.c.h; path = CBPHexStringManager.h; sourceTree = "<group>"; };
		F2C548E71D6309F200A665F3 /* CBPHexStringManager.mm */ = {isa = PBXFileReference; fileEncoding = 4; lastKnownFileType = sourcecode.cpp.objcpp; path = CBPHexStringManager.mm; sourceTree = "<group>"; };
		F2C548E81D6309F200A665F3 /* CBPStringToHex.h */ = {isa = PBXFileReference; fileEncoding = 4; lastKnownFileType = sourcecode.c.h; path = CBPStringToHex.h; sourceTree = "<group>"; };
		F2C548E91D6309F200A665F3 /* CBPStringToHex.mm */ = {isa = PBXFileReference; fileEncoding = 4; lastKnownFileType = sourcecode.cpp.objcpp; path = CBPStringToHex.mm; sourceTree = "<group>"; };
		F2C548EC1D630B4800A665F3 /* CBPWKLController.h */ = {isa = PBXFileReference; fileEncoding = 4; lastKnownFileType = sourcecode.c.h; path = CBPWKLController.h; sourceTree = "<group>"; };
		F2C548ED1D630B4800A665F3 /* CBPWKLController.m */ = {isa = PBXFileReference; fileEncoding = 4; lastKnownFileType = sourcecode.c.objc; path = CBPWKLController.m; sourceTree = "<group>"; };
		F2C548F21D644DEC00A665F3 /* CBPWKLBindDeviceAction.h */ = {isa = PBXFileReference; fileEncoding = 4; lastKnownFileType = sourcecode.c.h; path = CBPWKLBindDeviceAction.h; sourceTree = "<group>"; };
		F2C548F31D644DEC00A665F3 /* CBPWKLBindDeviceAction.m */ = {isa = PBXFileReference; fileEncoding = 4; lastKnownFileType = sourcecode.c.objc; path = CBPWKLBindDeviceAction.m; sourceTree = "<group>"; };
		F2C548F81D644DEC00A665F3 /* CBPWKLSimpleControlAction.h */ = {isa = PBXFileReference; fileEncoding = 4; lastKnownFileType = sourcecode.c.h; path = CBPWKLSimpleControlAction.h; sourceTree = "<group>"; };
		F2C548F91D644DEC00A665F3 /* CBPWKLSimpleControlAction.m */ = {isa = PBXFileReference; fileEncoding = 4; lastKnownFileType = sourcecode.c.objc; path = CBPWKLSimpleControlAction.m; sourceTree = "<group>"; };
		F2C548FE1D644DEC00A665F3 /* CBPWKLSynchronizeParameterAction.h */ = {isa = PBXFileReference; fileEncoding = 4; lastKnownFileType = sourcecode.c.h; path = CBPWKLSynchronizeParameterAction.h; sourceTree = "<group>"; };
		F2C548FF1D644DEC00A665F3 /* CBPWKLSynchronizeParameterAction.m */ = {isa = PBXFileReference; fileEncoding = 4; lastKnownFileType = sourcecode.c.objc; path = CBPWKLSynchronizeParameterAction.m; sourceTree = "<group>"; };
		F2C549001D644DEC00A665F3 /* CBPWKLTransparentTransmissionAction.h */ = {isa = PBXFileReference; fileEncoding = 4; lastKnownFileType = sourcecode.c.h; path = CBPWKLTransparentTransmissionAction.h; sourceTree = "<group>"; };
		F2C549011D644DEC00A665F3 /* CBPWKLTransparentTransmissionAction.mm */ = {isa = PBXFileReference; fileEncoding = 4; lastKnownFileType = sourcecode.cpp.objcpp; path = CBPWKLTransparentTransmissionAction.mm; sourceTree = "<group>"; };
		F2DAE62A1D6BE60100E01238 /* CBPBluetooth.plist */ = {isa = PBXFileReference; fileEncoding = 4; lastKnownFileType = text.plist.xml; path = CBPBluetooth.plist; sourceTree = "<group>"; };
		F2DAE62B1D6BE60100E01238 /* CBPDevice.plist */ = {isa = PBXFileReference; fileEncoding = 4; lastKnownFileType = text.plist.xml; path = CBPDevice.plist; sourceTree = "<group>"; };
		F2DAE62C1D6BE60100E01238 /* CBPUpgradeWay.plist */ = {isa = PBXFileReference; fileEncoding = 4; lastKnownFileType = text.plist.xml; path = CBPUpgradeWay.plist; sourceTree = "<group>"; };
		F2DAE62D1D6BE60100E01238 /* CBPWKLBluetooth.plist */ = {isa = PBXFileReference; fileEncoding = 4; lastKnownFileType = text.plist.xml; path = CBPWKLBluetooth.plist; sourceTree = "<group>"; };
/* End PBXFileReference section */

/* Begin PBXFrameworksBuildPhase section */
		F27637101D61A45F006597AC /* Frameworks */ = {
			isa = PBXFrameworksBuildPhase;
			buildActionMask = 2147483647;
			files = (
			);
			runOnlyForDeploymentPostprocessing = 0;
		};
/* End PBXFrameworksBuildPhase section */

/* Begin PBXGroup section */
		F276370A1D61A45F006597AC = {
			isa = PBXGroup;
			children = (
				F27637151D61A45F006597AC /* CoreBluetoothPlusSDK */,
				F27637141D61A45F006597AC /* Products */,
			);
			sourceTree = "<group>";
		};
		F27637141D61A45F006597AC /* Products */ = {
			isa = PBXGroup;
			children = (
				F27637131D61A45F006597AC /* CoreBluetoothPlusSDK.app */,
			);
			name = Products;
			sourceTree = "<group>";
		};
		F27637151D61A45F006597AC /* CoreBluetoothPlusSDK */ = {
			isa = PBXGroup;
			children = (
				F27637191D61A45F006597AC /* AppDelegate.h */,
				F276371A1D61A45F006597AC /* AppDelegate.m */,
				F276371C1D61A45F006597AC /* ViewController.h */,
				F276371D1D61A45F006597AC /* ViewController.m */,
				F26DD4BC1D7810320043FED4 /* CBPShowResultTableViewController.h */,
				F26DD4BD1D7810320043FED4 /* CBPShowResultTableViewController.m */,
				F261537A1D797F05008230B4 /* SynchronizeStepTableViewController.h */,
				F261537B1D797F05008230B4 /* SynchronizeStepTableViewController.m */,
				F261538A1D7E9476008230B4 /* SynchronizeSleepTableViewController.h */,
				F261538B1D7E9476008230B4 /* SynchronizeSleepTableViewController.m */,
				F26153821D7E66D8008230B4 /* CBPStepTableViewCell.h */,
				F26153831D7E66D8008230B4 /* CBPStepTableViewCell.m */,
				F26153841D7E66D8008230B4 /* CBPStepTableViewCell.xib */,
				F261538D1D7E9771008230B4 /* CBPSleepTableViewCell.h */,
				F261538E1D7E9771008230B4 /* CBPSleepTableViewCell.m */,
				F261538F1D7E9771008230B4 /* CBPSleepTableViewCell.xib */,
				F2C5489B1D62ABF100A665F3 /* CoreBluetoothPlusSDK */,
				F2C548C71D62FC4E00A665F3 /* WKLBluetoothModule */,
				F276371F1D61A45F006597AC /* Main.storyboard */,
				F27637221D61A45F006597AC /* Assets.xcassets */,
				F27637241D61A45F006597AC /* LaunchScreen.storyboard */,
				F27637271D61A45F006597AC /* Info.plist */,
				F27637161D61A45F006597AC /* Supporting Files */,
			);
			path = CoreBluetoothPlusSDK;
			sourceTree = "<group>";
		};
		F27637161D61A45F006597AC /* Supporting Files */ = {
			isa = PBXGroup;
			children = (
				F27637171D61A45F006597AC /* main.m */,
			);
			name = "Supporting Files";
			sourceTree = "<group>";
		};
		F2C5489B1D62ABF100A665F3 /* CoreBluetoothPlusSDK */ = {
			isa = PBXGroup;
			children = (
				F2C548B01D62FC4000A665F3 /* Action */,
				F2C548B11D62FC4000A665F3 /* Client */,
				F2C548B41D62FC4000A665F3 /* Controller */,
				F2C548B51D62FC4000A665F3 /* Device */,
				F2C548B61D62FC4000A665F3 /* Error */,
				F2C548B71D62FC4000A665F3 /* Model */,
				F2C548C01D62FC4000A665F3 /* UnityTool */,
				F2C548C11D62FC4000A665F3 /* WorkingManager */,
			);
			path = CoreBluetoothPlusSDK;
			sourceTree = "<group>";
		};
		F2C548B01D62FC4000A665F3 /* Action */ = {
			isa = PBXGroup;
			children = (
				F2C548D31D62FDBF00A665F3 /* CBPBaseAction.h */,
				F2C548D41D62FDBF00A665F3 /* CBPBaseAction.m */,
			);
			path = Action;
			sourceTree = "<group>";
		};
		F2C548B11D62FC4000A665F3 /* Client */ = {
			isa = PBXGroup;
			children = (
				F2C548B21D62FC4000A665F3 /* CBPBaseClient.h */,
				F2C548B31D62FC4000A665F3 /* CBPBaseClient.m */,
			);
			path = Client;
			sourceTree = "<group>";
		};
		F2C548B41D62FC4000A665F3 /* Controller */ = {
			isa = PBXGroup;
			children = (
				F2C548E31D6308B700A665F3 /* CBPBaseController.h */,
				F2C548E41D6308B700A665F3 /* CBPBaseController.m */,
			);
			path = Controller;
			sourceTree = "<group>";
		};
		F2C548B51D62FC4000A665F3 /* Device */ = {
			isa = PBXGroup;
			children = (
				F2C548D01D62FCBE00A665F3 /* CBPBaseDevice.h */,
				F2C548D11D62FCBE00A665F3 /* CBPBaseDevice.m */,
			);
			path = Device;
			sourceTree = "<group>";
		};
		F2C548B61D62FC4000A665F3 /* Error */ = {
			isa = PBXGroup;
			children = (
				F2C548DD1D6307DD00A665F3 /* CBPBaseError.h */,
				F2C548DE1D6307DD00A665F3 /* CBPBaseError.m */,
			);
			path = Error;
			sourceTree = "<group>";
		};
		F2C548B71D62FC4000A665F3 /* Model */ = {
			isa = PBXGroup;
			children = (
				F2C548B81D62FC4000A665F3 /* CBPBaseActionDataModel.h */,
				F2C548B91D62FC4000A665F3 /* CBPBaseActionDataModel.m */,
				F2C548BA1D62FC4000A665F3 /* CBPBaseCharacteristicModel.h */,
				F2C548BB1D62FC4000A665F3 /* CBPBaseCharacteristicModel.m */,
				F2C548BC1D62FC4000A665F3 /* CBPBasePeripheralModel.h */,
				F2C548BD1D62FC4000A665F3 /* CBPBasePeripheralModel.m */,
				F2C548BE1D62FC4000A665F3 /* CBPBaseServiceModel.h */,
				F2C548BF1D62FC4000A665F3 /* CBPBaseServiceModel.m */,
			);
			path = Model;
			sourceTree = "<group>";
		};
		F2C548C01D62FC4000A665F3 /* UnityTool */ = {
			isa = PBXGroup;
			children = (
				F2C548DC1D6300ED00A665F3 /* CoreBluetoothPlus.h */,
				F2C548E61D6309F200A665F3 /* CBPHexStringManager.h */,
				F2C548E71D6309F200A665F3 /* CBPHexStringManager.mm */,
				F24E97BC1D86B178001AB1FB /* CBPBinStringManager.h */,
				F24E97BD1D86B178001AB1FB /* CBPBinStringManager.mm */,
				F2C548E81D6309F200A665F3 /* CBPStringToHex.h */,
				F2C548E91D6309F200A665F3 /* CBPStringToHex.mm */,
				F26DD4B71D75731E0043FED4 /* NSDate+CBPUtilityTool.h */,
				F26DD4B81D75731E0043FED4 /* NSDate+CBPUtilityTool.m */,
			);
			path = UnityTool;
			sourceTree = "<group>";
		};
		F2C548C11D62FC4000A665F3 /* WorkingManager */ = {
			isa = PBXGroup;
			children = (
				F2C548E01D63084C00A665F3 /* CBPBaseWorkingManager.h */,
				F2C548E11D63084C00A665F3 /* CBPBaseWorkingManager.m */,
			);
			path = WorkingManager;
			sourceTree = "<group>";
		};
		F2C548C71D62FC4E00A665F3 /* WKLBluetoothModule */ = {
			isa = PBXGroup;
			children = (
				F2DAE6291D6BE60100E01238 /* Plist */,
				F2C548C81D62FC4E00A665F3 /* Action */,
				F2C548C91D62FC4E00A665F3 /* Client */,
				F2C548CA1D62FC4E00A665F3 /* Controller */,
				F2C548CB1D62FC4E00A665F3 /* Device */,
				F2C548CC1D62FC4E00A665F3 /* Error */,
				F2C548CD1D62FC4E00A665F3 /* Model */,
				F2C548CE1D62FC4E00A665F3 /* UnityTool */,
				F2C548CF1D62FC4E00A665F3 /* WorkingManager */,
			);
			path = WKLBluetoothModule;
			sourceTree = "<group>";
		};
		F2C548C81D62FC4E00A665F3 /* Action */ = {
			isa = PBXGroup;
			children = (
				F2C548F21D644DEC00A665F3 /* CBPWKLBindDeviceAction.h */,
				F2C548F31D644DEC00A665F3 /* CBPWKLBindDeviceAction.m */,
				F26DD4BF1D7816F50043FED4 /* CBPWKLPedometerTimeIntervalAction.h */,
				F26DD4C01D7816F50043FED4 /* CBPWKLPedometerTimeIntervalAction.m */,
				F26DD4C81D7820FD0043FED4 /* CBPWKLSendCommonLongPackageAction.h */,
				F26DD4C91D7820FD0043FED4 /* CBPWKLSendCommonLongPackageAction.m */,
				F26DD4CB1D7821490043FED4 /* CBPWKLSynchronizeStepAction.h */,
				F26DD4CC1D7821490043FED4 /* CBPWKLSynchronizeStepAction.m */,
				F26153871D7E6D0F008230B4 /* CBPWKLSynchronizeSleepAction.h */,
				F26153881D7E6D0F008230B4 /* CBPWKLSynchronizeSleepAction.m */,
				F26153921D7EA139008230B4 /* CBPWKLQueryDeviceVersionAction.h */,
				F26153931D7EA139008230B4 /* CBPWKLQueryDeviceVersionAction.m */,
				F26153951D7EAA2E008230B4 /* CBPWKLFirmwareUpgradeAction.h */,
				F26153961D7EAA2E008230B4 /* CBPWKLFirmwareUpgradeAction.m */,
				F26153981D7EB0B6008230B4 /* CBPWKLRestartAction.h */,
				F26153991D7EB0B6008230B4 /* CBPWKLRestartAction.m */,
				F22228E11D810C7A00167379 /* CBPWKLWaterCupsAction.h */,
				F22228E21D810C7A00167379 /* CBPWKLWaterCupsAction.m */,
				F2C548F81D644DEC00A665F3 /* CBPWKLSimpleControlAction.h */,
				F2C548F91D644DEC00A665F3 /* CBPWKLSimpleControlAction.m */,
				F24E97BF1D87E8A5001AB1FB /* CBPWKLSimpleDataAction.h */,
				F24E97C01D87E8A5001AB1FB /* CBPWKLSimpleDataAction.m */,
				F2C548FE1D644DEC00A665F3 /* CBPWKLSynchronizeParameterAction.h */,
				F2C548FF1D644DEC00A665F3 /* CBPWKLSynchronizeParameterAction.m */,
				F2C549001D644DEC00A665F3 /* CBPWKLTransparentTransmissionAction.h */,
				F2C549011D644DEC00A665F3 /* CBPWKLTransparentTransmissionAction.mm */,
			);
			path = Action;
			sourceTree = "<group>";
		};
		F2C548C91D62FC4E00A665F3 /* Client */ = {
			isa = PBXGroup;
			children = (
			);
			path = Client;
			sourceTree = "<group>";
		};
		F2C548CA1D62FC4E00A665F3 /* Controller */ = {
			isa = PBXGroup;
			children = (
				F2C548EC1D630B4800A665F3 /* CBPWKLController.h */,
				F2C548ED1D630B4800A665F3 /* CBPWKLController.m */,
			);
			path = Controller;
			sourceTree = "<group>";
		};
		F2C548CB1D62FC4E00A665F3 /* Device */ = {
			isa = PBXGroup;
			children = (
			);
			path = Device;
			sourceTree = "<group>";
		};
		F2C548CC1D62FC4E00A665F3 /* Error */ = {
			isa = PBXGroup;
			children = (
			);
			path = Error;
			sourceTree = "<group>";
		};
		F2C548CD1D62FC4E00A665F3 /* Model */ = {
			isa = PBXGroup;
			children = (
			);
			path = Model;
			sourceTree = "<group>";
		};
		F2C548CE1D62FC4E00A665F3 /* UnityTool */ = {
			isa = PBXGroup;
			children = (
			);
			path = UnityTool;
			sourceTree = "<group>";
		};
		F2C548CF1D62FC4E00A665F3 /* WorkingManager */ = {
			isa = PBXGroup;
			children = (
			);
			path = WorkingManager;
			sourceTree = "<group>";
		};
		F2DAE6291D6BE60100E01238 /* Plist */ = {
			isa = PBXGroup;
			children = (
				F2DAE62A1D6BE60100E01238 /* CBPBluetooth.plist */,
				F2DAE62B1D6BE60100E01238 /* CBPDevice.plist */,
				F2DAE62C1D6BE60100E01238 /* CBPUpgradeWay.plist */,
				F2DAE62D1D6BE60100E01238 /* CBPWKLBluetooth.plist */,
				F26DD4BA1D780A6F0043FED4 /* CBPInterface.plist */,
				F261537D1D7D259E008230B4 /* parameter_result.plist */,
			);
			name = Plist;
			path = WorkingManager/Plist;
			sourceTree = "<group>";
		};
/* End PBXGroup section */

/* Begin PBXNativeTarget section */
		F27637121D61A45F006597AC /* CoreBluetoothPlusSDK */ = {
			isa = PBXNativeTarget;
			buildConfigurationList = F276372A1D61A45F006597AC /* Build configuration list for PBXNativeTarget "CoreBluetoothPlusSDK" */;
			buildPhases = (
				F276370F1D61A45F006597AC /* Sources */,
				F27637101D61A45F006597AC /* Frameworks */,
				F27637111D61A45F006597AC /* Resources */,
			);
			buildRules = (
			);
			dependencies = (
			);
			name = CoreBluetoothPlusSDK;
			productName = CoreBluetoothPlusSDK;
			productReference = F27637131D61A45F006597AC /* CoreBluetoothPlusSDK.app */;
			productType = "com.apple.product-type.application";
		};
/* End PBXNativeTarget section */

/* Begin PBXProject section */
		F276370B1D61A45F006597AC /* Project object */ = {
			isa = PBXProject;
			attributes = {
				LastUpgradeCheck = 0730;
				ORGANIZATIONNAME = huangxiong;
				TargetAttributes = {
					F27637121D61A45F006597AC = {
						CreatedOnToolsVersion = 7.3.1;
					};
				};
			};
			buildConfigurationList = F276370E1D61A45F006597AC /* Build configuration list for PBXProject "CoreBluetoothPlusSDK" */;
			compatibilityVersion = "Xcode 3.2";
			developmentRegion = English;
			hasScannedForEncodings = 0;
			knownRegions = (
				en,
				Base,
			);
			mainGroup = F276370A1D61A45F006597AC;
			productRefGroup = F27637141D61A45F006597AC /* Products */;
			projectDirPath = "";
			projectRoot = "";
			targets = (
				F27637121D61A45F006597AC /* CoreBluetoothPlusSDK */,
			);
		};
/* End PBXProject section */

/* Begin PBXResourcesBuildPhase section */
		F27637111D61A45F006597AC /* Resources */ = {
			isa = PBXResourcesBuildPhase;
			buildActionMask = 2147483647;
			files = (
				F27637261D61A45F006597AC /* LaunchScreen.storyboard in Resources */,
				F2DAE6301D6BE60100E01238 /* CBPUpgradeWay.plist in Resources */,
				F26DD4BB1D780A6F0043FED4 /* CBPInterface.plist in Resources */,
				F26153861D7E66D8008230B4 /* CBPStepTableViewCell.xib in Resources */,
				F2DAE6311D6BE60100E01238 /* CBPWKLBluetooth.plist in Resources */,
				F27637231D61A45F006597AC /* Assets.xcassets in Resources */,
				F2DAE62F1D6BE60100E01238 /* CBPDevice.plist in Resources */,
				F27637211D61A45F006597AC /* Main.storyboard in Resources */,
				F26153911D7E9771008230B4 /* CBPSleepTableViewCell.xib in Resources */,
				F2DAE62E1D6BE60100E01238 /* CBPBluetooth.plist in Resources */,
				F261537E1D7D259E008230B4 /* parameter_result.plist in Resources */,
			);
			runOnlyForDeploymentPostprocessing = 0;
		};
/* End PBXResourcesBuildPhase section */

/* Begin PBXSourcesBuildPhase section */
		F276370F1D61A45F006597AC /* Sources */ = {
			isa = PBXSourcesBuildPhase;
			buildActionMask = 2147483647;
			files = (
				F24E97C11D87E8A5001AB1FB /* CBPWKLSimpleDataAction.m in Sources */,
				F261539A1D7EB0B6008230B4 /* CBPWKLRestartAction.m in Sources */,
				F2C549021D644DEC00A665F3 /* CBPWKLBindDeviceAction.m in Sources */,
				F2C548EA1D6309F200A665F3 /* CBPHexStringManager.mm in Sources */,
				F2C549051D644DEC00A665F3 /* CBPWKLSimpleControlAction.m in Sources */,
				F2C548D21D62FCBE00A665F3 /* CBPBaseDevice.m in Sources */,
				F22228E31D810C7A00167379 /* CBPWKLWaterCupsAction.m in Sources */,
				F2C549081D644DEC00A665F3 /* CBPWKLSynchronizeParameterAction.m in Sources */,
				F276371E1D61A45F006597AC /* ViewController.m in Sources */,
				F2C548EB1D6309F200A665F3 /* CBPStringToHex.mm in Sources */,
				F26153941D7EA139008230B4 /* CBPWKLQueryDeviceVersionAction.m in Sources */,
				F2C548EE1D630B4800A665F3 /* CBPWKLController.m in Sources */,
				F2C548E51D6308B700A665F3 /* CBPBaseController.m in Sources */,
				F2C548E21D63084C00A665F3 /* CBPBaseWorkingManager.m in Sources */,
				F26DD4C11D7816F50043FED4 /* CBPWKLPedometerTimeIntervalAction.m in Sources */,
				F2C549091D644DEC00A665F3 /* CBPWKLTransparentTransmissionAction.mm in Sources */,
				F2C548D51D62FDBF00A665F3 /* CBPBaseAction.m in Sources */,
				F26153901D7E9771008230B4 /* CBPSleepTableViewCell.m in Sources */,
				F26153891D7E6D0F008230B4 /* CBPWKLSynchronizeSleepAction.m in Sources */,
				F26DD4CA1D7820FD0043FED4 /* CBPWKLSendCommonLongPackageAction.m in Sources */,
				F24E97BE1D86B178001AB1FB /* CBPBinStringManager.mm in Sources */,
				F261538C1D7E9476008230B4 /* SynchronizeSleepTableViewController.m in Sources */,
				F26DD4BE1D7810320043FED4 /* CBPShowResultTableViewController.m in Sources */,
				F26DD4CD1D7821490043FED4 /* CBPWKLSynchronizeStepAction.m in Sources */,
				F2C548C21D62FC4000A665F3 /* CBPBaseClient.m in Sources */,
				F261537C1D797F05008230B4 /* SynchronizeStepTableViewController.m in Sources */,
				F2C548C61D62FC4000A665F3 /* CBPBaseServiceModel.m in Sources */,
				F2C548C31D62FC4000A665F3 /* CBPBaseActionDataModel.m in Sources */,
				F26153851D7E66D8008230B4 /* CBPStepTableViewCell.m in Sources */,
				F2C548DF1D6307DD00A665F3 /* CBPBaseError.m in Sources */,
				F26DD4B91D75731E0043FED4 /* NSDate+CBPUtilityTool.m in Sources */,
				F2C548C51D62FC4000A665F3 /* CBPBasePeripheralModel.m in Sources */,
				F276371B1D61A45F006597AC /* AppDelegate.m in Sources */,
				F27637181D61A45F006597AC /* main.m in Sources */,
				F26153971D7EAA2E008230B4 /* CBPWKLFirmwareUpgradeAction.m in Sources */,
				F2C548C41D62FC4000A665F3 /* CBPBaseCharacteristicModel.m in Sources */,
			);
			runOnlyForDeploymentPostprocessing = 0;
		};
/* End PBXSourcesBuildPhase section */

/* Begin PBXVariantGroup section */
		F276371F1D61A45F006597AC /* Main.storyboard */ = {
			isa = PBXVariantGroup;
			children = (
				F27637201D61A45F006597AC /* Base */,
			);
			name = Main.storyboard;
			sourceTree = "<group>";
		};
		F27637241D61A45F006597AC /* LaunchScreen.storyboard */ = {
			isa = PBXVariantGroup;
			children = (
				F27637251D61A45F006597AC /* Base */,
			);
			name = LaunchScreen.storyboard;
			sourceTree = "<group>";
		};
/* End PBXVariantGroup section */

/* Begin XCBuildConfiguration section */
		F27637281D61A45F006597AC /* Debug */ = {
			isa = XCBuildConfiguration;
			buildSettings = {
				ALWAYS_SEARCH_USER_PATHS = NO;
				CLANG_ANALYZER_NONNULL = YES;
				CLANG_CXX_LANGUAGE_STANDARD = "gnu++0x";
				CLANG_CXX_LIBRARY = "libc++";
				CLANG_ENABLE_MODULES = YES;
				CLANG_ENABLE_OBJC_ARC = YES;
				CLANG_WARN_BOOL_CONVERSION = YES;
				CLANG_WARN_CONSTANT_CONVERSION = YES;
				CLANG_WARN_DIRECT_OBJC_ISA_USAGE = YES_ERROR;
				CLANG_WARN_EMPTY_BODY = YES;
				CLANG_WARN_ENUM_CONVERSION = YES;
				CLANG_WARN_INT_CONVERSION = YES;
				CLANG_WARN_OBJC_ROOT_CLASS = YES_ERROR;
				CLANG_WARN_UNREACHABLE_CODE = YES;
				CLANG_WARN__DUPLICATE_METHOD_MATCH = YES;
				"CODE_SIGN_IDENTITY[sdk=iphoneos*]" = "iPhone Developer";
				COPY_PHASE_STRIP = NO;
				DEBUG_INFORMATION_FORMAT = dwarf;
				ENABLE_STRICT_OBJC_MSGSEND = NO;
				ENABLE_TESTABILITY = YES;
				GCC_C_LANGUAGE_STANDARD = gnu99;
				GCC_DYNAMIC_NO_PIC = NO;
				GCC_NO_COMMON_BLOCKS = YES;
				GCC_OPTIMIZATION_LEVEL = 0;
				GCC_PREPROCESSOR_DEFINITIONS = (
					"DEBUG=1",
					"$(inherited)",
				);
				GCC_WARN_64_TO_32_BIT_CONVERSION = YES;
				GCC_WARN_ABOUT_RETURN_TYPE = YES_ERROR;
				GCC_WARN_UNDECLARED_SELECTOR = YES;
				GCC_WARN_UNINITIALIZED_AUTOS = YES_AGGRESSIVE;
				GCC_WARN_UNUSED_FUNCTION = YES;
				GCC_WARN_UNUSED_VARIABLE = YES;
				IPHONEOS_DEPLOYMENT_TARGET = 9.3;
				MTL_ENABLE_DEBUG_INFO = YES;
				ONLY_ACTIVE_ARCH = YES;
				SDKROOT = iphoneos;
				TARGETED_DEVICE_FAMILY = "1,2";
			};
			name = Debug;
		};
		F27637291D61A45F006597AC /* Release */ = {
			isa = XCBuildConfiguration;
			buildSettings = {
				ALWAYS_SEARCH_USER_PATHS = NO;
				CLANG_ANALYZER_NONNULL = YES;
				CLANG_CXX_LANGUAGE_STANDARD = "gnu++0x";
				CLANG_CXX_LIBRARY = "libc++";
				CLANG_ENABLE_MODULES = YES;
				CLANG_ENABLE_OBJC_ARC = YES;
				CLANG_WARN_BOOL_CONVERSION = YES;
				CLANG_WARN_CONSTANT_CONVERSION = YES;
				CLANG_WARN_DIRECT_OBJC_ISA_USAGE = YES_ERROR;
				CLANG_WARN_EMPTY_BODY = YES;
				CLANG_WARN_ENUM_CONVERSION = YES;
				CLANG_WARN_INT_CONVERSION = YES;
				CLANG_WARN_OBJC_ROOT_CLASS = YES_ERROR;
				CLANG_WARN_UNREACHABLE_CODE = YES;
				CLANG_WARN__DUPLICATE_METHOD_MATCH = YES;
				"CODE_SIGN_IDENTITY[sdk=iphoneos*]" = "iPhone Developer";
				COPY_PHASE_STRIP = NO;
				DEBUG_INFORMATION_FORMAT = "dwarf-with-dsym";
				ENABLE_NS_ASSERTIONS = NO;
				ENABLE_STRICT_OBJC_MSGSEND = NO;
				GCC_C_LANGUAGE_STANDARD = gnu99;
				GCC_NO_COMMON_BLOCKS = YES;
				GCC_WARN_64_TO_32_BIT_CONVERSION = YES;
				GCC_WARN_ABOUT_RETURN_TYPE = YES_ERROR;
				GCC_WARN_UNDECLARED_SELECTOR = YES;
				GCC_WARN_UNINITIALIZED_AUTOS = YES_AGGRESSIVE;
				GCC_WARN_UNUSED_FUNCTION = YES;
				GCC_WARN_UNUSED_VARIABLE = YES;
				IPHONEOS_DEPLOYMENT_TARGET = 9.3;
				MTL_ENABLE_DEBUG_INFO = NO;
				SDKROOT = iphoneos;
				TARGETED_DEVICE_FAMILY = "1,2";
				VALIDATE_PRODUCT = YES;
			};
			name = Release;
		};
		F276372B1D61A45F006597AC /* Debug */ = {
			isa = XCBuildConfiguration;
			buildSettings = {
				ASSETCATALOG_COMPILER_APPICON_NAME = AppIcon;
				INFOPLIST_FILE = CoreBluetoothPlusSDK/Info.plist;
				LD_RUNPATH_SEARCH_PATHS = "$(inherited) @executable_path/Frameworks";
				PRODUCT_BUNDLE_IDENTIFIER = "com.new-life.CoreBluetoothPlusSDK";
				PRODUCT_NAME = "$(TARGET_NAME)";
			};
			name = Debug;
		};
		F276372C1D61A45F006597AC /* Release */ = {
			isa = XCBuildConfiguration;
			buildSettings = {
				ASSETCATALOG_COMPILER_APPICON_NAME = AppIcon;
				INFOPLIST_FILE = CoreBluetoothPlusSDK/Info.plist;
				LD_RUNPATH_SEARCH_PATHS = "$(inherited) @executable_path/Frameworks";
				PRODUCT_BUNDLE_IDENTIFIER = "com.new-life.CoreBluetoothPlusSDK";
				PRODUCT_NAME = "$(TARGET_NAME)";
			};
			name = Release;
		};
/* End XCBuildConfiguration section */

/* Begin XCConfigurationList section */
		F276370E1D61A45F006597AC /* Build configuration list for PBXProject "CoreBluetoothPlusSDK" */ = {
			isa = XCConfigurationList;
			buildConfigurations = (
				F27637281D61A45F006597AC /* Debug */,
				F27637291D61A45F006597AC /* Release */,
			);
			defaultConfigurationIsVisible = 0;
			defaultConfigurationName = Release;
		};
		F276372A1D61A45F006597AC /* Build configuration list for PBXNativeTarget "CoreBluetoothPlusSDK" */ = {
			isa = XCConfigurationList;
			buildConfigurations = (
				F276372B1D61A45F006597AC /* Debug */,
				F276372C1D61A45F006597AC /* Release */,
			);
			defaultConfigurationIsVisible = 0;
			defaultConfigurationName = Release;
		};
/* End XCConfigurationList section */
	};
	rootObject = F276370B1D61A45F006597AC /* Project object */;
}
