// !$*UTF8*$!
{
	archiveVersion = 1;
	classes = {
	};
	objectVersion = 46;
	objects = {

/* Begin PBXBuildFile section */
		F27637181D61A45F006597AC /* main.m in Sources */ = {isa = PBXBuildFile; fileRef = F27637171D61A45F006597AC /* main.m */; };
		F276371B1D61A45F006597AC /* AppDelegate.m in Sources */ = {isa = PBXBuildFile; fileRef = F276371A1D61A45F006597AC /* AppDelegate.m */; };
		F276371E1D61A45F006597AC /* ViewController.m in Sources */ = {isa = PBXBuildFile; fileRef = F276371D1D61A45F006597AC /* ViewController.m */; };
		F27637211D61A45F006597AC /* Main.storyboard in Resources */ = {isa = PBXBuildFile; fileRef = F276371F1D61A45F006597AC /* Main.storyboard */; };
		F27637231D61A45F006597AC /* Assets.xcassets in Resources */ = {isa = PBXBuildFile; fileRef = F27637221D61A45F006597AC /* Assets.xcassets */; };
		F27637261D61A45F006597AC /* LaunchScreen.storyboard in Resources */ = {isa = PBXBuildFile; fileRef = F27637241D61A45F006597AC /* LaunchScreen.storyboard */; };
/* End PBXBuildFile section */

/* Begin PBXFileReference section */
		F27637131D61A45F006597AC /* CoreBluetoothPlusSDK.app */ = {isa = PBXFileReference; explicitFileType = wrapper.application; includeInIndex = 0; path = CoreBluetoothPlusSDK.app; sourceTree = BUILT_PRODUCTS_DIR; };
		F27637171D61A45F006597AC /* main.m */ = {isa = PBXFileReference; lastKnownFileType = sourcecode.c.objc; path = main.m; sourceTree = "<group>"; };
		F27637191D61A45F006597AC /* AppDelegate.h */ = {isa = PBXFileReference; lastKnownFileType = sourcecode.c.h; path = AppDelegate.h; sourceTree = "<group>"; };
		F276371A1D61A45F006597AC /* AppDelegate.m */ = {isa = PBXFileReference; lastKnownFileType = sourcecode.c.objc; path = AppDelegate.m; sourceTree = "<group>"; };
		F276371C1D61A45F006597AC /* ViewController.h */ = {isa = PBXFileReference; lastKnownFileType = sourcecode.c.h; path = ViewController.h; sourceTree = "<group>"; };
		F276371D1D61A45F006597AC /* ViewController.m */ = {isa = PBXFileReference; lastKnownFileType = sourcecode.c.objc; path = ViewController.m; sourceTree = "<group>"; };
		F27637201D61A45F006597AC /* Base */ = {isa = PBXFileReference; lastKnownFileType = file.storyboard; name = Base; path = Base.lproj/Main.storyboard; sourceTree = "<group>"; };
		F27637221D61A45F006597AC /* Assets.xcassets */ = {isa = PBXFileReference; lastKnownFileType = folder.assetcatalog; path = Assets.xcassets; sourceTree = "<group>"; };
		F27637251D61A45F006597AC /* Base */ = {isa = PBXFileReference; lastKnownFileType = file.storyboard; name = Base; path = Base.lproj/LaunchScreen.storyboard; sourceTree = "<group>"; };
		F27637271D61A45F006597AC /* Info.plist */ = {isa = PBXFileReference; lastKnownFileType = text.plist.xml; path = Info.plist; sourceTree = "<group>"; };
/* End PBXFileReference section */

/* Begin PBXFrameworksBuildPhase section */
		F27637101D61A45F006597AC /* Frameworks */ = {
			isa = PBXFrameworksBuildPhase;
			buildActionMask = 2147483647;
			files = (
			);
			runOnlyForDeploymentPostprocessing = 0;
		};
/* End PBXFrameworksBuildPhase section */

/* Begin PBXGroup section */
		F276370A1D61A45F006597AC = {
			isa = PBXGroup;
			children = (
				F27637151D61A45F006597AC /* CoreBluetoothPlusSDK */,
				F27637141D61A45F006597AC /* Products */,
			);
			sourceTree = "<group>";
		};
		F27637141D61A45F006597AC /* Products */ = {
			isa = PBXGroup;
			children = (
				F27637131D61A45F006597AC /* CoreBluetoothPlusSDK.app */,
			);
			name = Products;
			sourceTree = "<group>";
		};
		F27637151D61A45F006597AC /* CoreBluetoothPlusSDK */ = {
			isa = PBXGroup;
			children = (
				F27637191D61A45F006597AC /* AppDelegate.h */,
				F276371A1D61A45F006597AC /* AppDelegate.m */,
				F276371C1D61A45F006597AC /* ViewController.h */,
				F276371D1D61A45F006597AC /* ViewController.m */,
				F276371F1D61A45F006597AC /* Main.storyboard */,
				F27637221D61A45F006597AC /* Assets.xcassets */,
				F27637241D61A45F006597AC /* LaunchScreen.storyboard */,
				F27637271D61A45F006597AC /* Info.plist */,
				F27637161D61A45F006597AC /* Supporting Files */,
			);
			path = CoreBluetoothPlusSDK;
			sourceTree = "<group>";
		};
		F27637161D61A45F006597AC /* Supporting Files */ = {
			isa = PBXGroup;
			children = (
				F27637171D61A45F006597AC /* main.m */,
			);
			name = "Supporting Files";
			sourceTree = "<group>";
		};
/* End PBXGroup section */

/* Begin PBXNativeTarget section */
		F27637121D61A45F006597AC /* CoreBluetoothPlusSDK */ = {
			isa = PBXNativeTarget;
			buildConfigurationList = F276372A1D61A45F006597AC /* Build configuration list for PBXNativeTarget "CoreBluetoothPlusSDK" */;
			buildPhases = (
				F276370F1D61A45F006597AC /* Sources */,
				F27637101D61A45F006597AC /* Frameworks */,
				F27637111D61A45F006597AC /* Resources */,
			);
			buildRules = (
			);
			dependencies = (
			);
			name = CoreBluetoothPlusSDK;
			productName = CoreBluetoothPlusSDK;
			productReference = F27637131D61A45F006597AC /* CoreBluetoothPlusSDK.app */;
			productType = "com.apple.product-type.application";
		};
/* End PBXNativeTarget section */

/* Begin PBXProject section */
		F276370B1D61A45F006597AC /* Project object */ = {
			isa = PBXProject;
			attributes = {
				LastUpgradeCheck = 0730;
				ORGANIZATIONNAME = huangxiong;
				TargetAttributes = {
					F27637121D61A45F006597AC = {
						CreatedOnToolsVersion = 7.3.1;
					};
				};
			};
			buildConfigurationList = F276370E1D61A45F006597AC /* Build configuration list for PBXProject "CoreBluetoothPlusSDK" */;
			compatibilityVersion = "Xcode 3.2";
			developmentRegion = English;
			hasScannedForEncodings = 0;
			knownRegions = (
				en,
				Base,
			);
			mainGroup = F276370A1D61A45F006597AC;
			productRefGroup = F27637141D61A45F006597AC /* Products */;
			projectDirPath = "";
			projectRoot = "";
			targets = (
				F27637121D61A45F006597AC /* CoreBluetoothPlusSDK */,
			);
		};
/* End PBXProject section */

/* Begin PBXResourcesBuildPhase section */
		F27637111D61A45F006597AC /* Resources */ = {
			isa = PBXResourcesBuildPhase;
			buildActionMask = 2147483647;
			files = (
				F27637261D61A45F006597AC /* LaunchScreen.storyboard in Resources */,
				F27637231D61A45F006597AC /* Assets.xcassets in Resources */,
				F27637211D61A45F006597AC /* Main.storyboard in Resources */,
			);
			runOnlyForDeploymentPostprocessing = 0;
		};
/* End PBXResourcesBuildPhase section */

/* Begin PBXSourcesBuildPhase section */
		F276370F1D61A45F006597AC /* Sources */ = {
			isa = PBXSourcesBuildPhase;
			buildActionMask = 2147483647;
			files = (
				F276371E1D61A45F006597AC /* ViewController.m in Sources */,
				F276371B1D61A45F006597AC /* AppDelegate.m in Sources */,
				F27637181D61A45F006597AC /* main.m in Sources */,
			);
			runOnlyForDeploymentPostprocessing = 0;
		};
/* End PBXSourcesBuildPhase section */

/* Begin PBXVariantGroup section */
		F276371F1D61A45F006597AC /* Main.storyboard */ = {
			isa = PBXVariantGroup;
			children = (
				F27637201D61A45F006597AC /* Base */,
			);
			name = Main.storyboard;
			sourceTree = "<group>";
		};
		F27637241D61A45F006597AC /* LaunchScreen.storyboard */ = {
			isa = PBXVariantGroup;
			children = (
				F27637251D61A45F006597AC /* Base */,
			);
			name = LaunchScreen.storyboard;
			sourceTree = "<group>";
		};
/* End PBXVariantGroup section */

/* Begin XCBuildConfiguration section */
		F27637281D61A45F006597AC /* Debug */ = {
			isa = XCBuildConfiguration;
			buildSettings = {
				ALWAYS_SEARCH_USER_PATHS = NO;
				CLANG_ANALYZER_NONNULL = YES;
				CLANG_CXX_LANGUAGE_STANDARD = "gnu++0x";
				CLANG_CXX_LIBRARY = "libc++";
				CLANG_ENABLE_MODULES = YES;
				CLANG_ENABLE_OBJC_ARC = YES;
				CLANG_WARN_BOOL_CONVERSION = YES;
				CLANG_WARN_CONSTANT_CONVERSION = YES;
				CLANG_WARN_DIRECT_OBJC_ISA_USAGE = YES_ERROR;
				CLANG_WARN_EMPTY_BODY = YES;
				CLANG_WARN_ENUM_CONVERSION = YES;
				CLANG_WARN_INT_CONVERSION = YES;
				CLANG_WARN_OBJC_ROOT_CLASS = YES_ERROR;
				CLANG_WARN_UNREACHABLE_CODE = YES;
				CLANG_WARN__DUPLICATE_METHOD_MATCH = YES;
				"CODE_SIGN_IDENTITY[sdk=iphoneos*]" = "iPhone Developer";
				COPY_PHASE_STRIP = NO;
				DEBUG_INFORMATION_FORMAT = dwarf;
				ENABLE_STRICT_OBJC_MSGSEND = YES;
				ENABLE_TESTABILITY = YES;
				GCC_C_LANGUAGE_STANDARD = gnu99;
				GCC_DYNAMIC_NO_PIC = NO;
				GCC_NO_COMMON_BLOCKS = YES;
				GCC_OPTIMIZATION_LEVEL = 0;
				GCC_PREPROCESSOR_DEFINITIONS = (
					"DEBUG=1",
					"$(inherited)",
				);
				GCC_WARN_64_TO_32_BIT_CONVERSION = YES;
				GCC_WARN_ABOUT_RETURN_TYPE = YES_ERROR;
				GCC_WARN_UNDECLARED_SELECTOR = YES;
				GCC_WARN_UNINITIALIZED_AUTOS = YES_AGGRESSIVE;
				GCC_WARN_UNUSED_FUNCTION = YES;
				GCC_WARN_UNUSED_VARIABLE = YES;
				IPHONEOS_DEPLOYMENT_TARGET = 9.3;
				MTL_ENABLE_DEBUG_INFO = YES;
				ONLY_ACTIVE_ARCH = YES;
				SDKROOT = iphoneos;
				TARGETED_DEVICE_FAMILY = "1,2";
			};
			name = Debug;
		};
		F27637291D61A45F006597AC /* Release */ = {
			isa = XCBuildConfiguration;
			buildSettings = {
				ALWAYS_SEARCH_USER_PATHS = NO;
				CLANG_ANALYZER_NONNULL = YES;
				CLANG_CXX_LANGUAGE_STANDARD = "gnu++0x";
				CLANG_CXX_LIBRARY = "libc++";
				CLANG_ENABLE_MODULES = YES;
				CLANG_ENABLE_OBJC_ARC = YES;
				CLANG_WARN_BOOL_CONVERSION = YES;
				CLANG_WARN_CONSTANT_CONVERSION = YES;
				CLANG_WARN_DIRECT_OBJC_ISA_USAGE = YES_ERROR;
				CLANG_WARN_EMPTY_BODY = YES;
				CLANG_WARN_ENUM_CONVERSION = YES;
				CLANG_WARN_INT_CONVERSION = YES;
				CLANG_WARN_OBJC_ROOT_CLASS = YES_ERROR;
				CLANG_WARN_UNREACHABLE_CODE = YES;
				CLANG_WARN__DUPLICATE_METHOD_MATCH = YES;
				"CODE_SIGN_IDENTITY[sdk=iphoneos*]" = "iPhone Developer";
				COPY_PHASE_STRIP = NO;
				DEBUG_INFORMATION_FORMAT = "dwarf-with-dsym";
				ENABLE_NS_ASSERTIONS = NO;
				ENABLE_STRICT_OBJC_MSGSEND = YES;
				GCC_C_LANGUAGE_STANDARD = gnu99;
				GCC_NO_COMMON_BLOCKS = YES;
				GCC_WARN_64_TO_32_BIT_CONVERSION = YES;
				GCC_WARN_ABOUT_RETURN_TYPE = YES_ERROR;
				GCC_WARN_UNDECLARED_SELECTOR = YES;
				GCC_WARN_UNINITIALIZED_AUTOS = YES_AGGRESSIVE;
				GCC_WARN_UNUSED_FUNCTION = YES;
				GCC_WARN_UNUSED_VARIABLE = YES;
				IPHONEOS_DEPLOYMENT_TARGET = 9.3;
				MTL_ENABLE_DEBUG_INFO = NO;
				SDKROOT = iphoneos;
				TARGETED_DEVICE_FAMILY = "1,2";
				VALIDATE_PRODUCT = YES;
			};
			name = Release;
		};
		F276372B1D61A45F006597AC /* Debug */ = {
			isa = XCBuildConfiguration;
			buildSettings = {
				ASSETCATALOG_COMPILER_APPICON_NAME = AppIcon;
				INFOPLIST_FILE = CoreBluetoothPlusSDK/Info.plist;
				LD_RUNPATH_SEARCH_PATHS = "$(inherited) @executable_path/Frameworks";
				PRODUCT_BUNDLE_IDENTIFIER = "com.new-life.CoreBluetoothPlusSDK";
				PRODUCT_NAME = "$(TARGET_NAME)";
			};
			name = Debug;
		};
		F276372C1D61A45F006597AC /* Release */ = {
			isa = XCBuildConfiguration;
			buildSettings = {
				ASSETCATALOG_COMPILER_APPICON_NAME = AppIcon;
				INFOPLIST_FILE = CoreBluetoothPlusSDK/Info.plist;
				LD_RUNPATH_SEARCH_PATHS = "$(inherited) @executable_path/Frameworks";
				PRODUCT_BUNDLE_IDENTIFIER = "com.new-life.CoreBluetoothPlusSDK";
				PRODUCT_NAME = "$(TARGET_NAME)";
			};
			name = Release;
		};
/* End XCBuildConfiguration section */

/* Begin XCConfigurationList section */
		F276370E1D61A45F006597AC /* Build configuration list for PBXProject "CoreBluetoothPlusSDK" */ = {
			isa = XCConfigurationList;
			buildConfigurations = (
				F27637281D61A45F006597AC /* Debug */,
				F27637291D61A45F006597AC /* Release */,
			);
			defaultConfigurationIsVisible = 0;
			defaultConfigurationName = Release;
		};
		F276372A1D61A45F006597AC /* Build configuration list for PBXNativeTarget "CoreBluetoothPlusSDK" */ = {
			isa = XCConfigurationList;
			buildConfigurations = (
				F276372B1D61A45F006597AC /* Debug */,
				F276372C1D61A45F006597AC /* Release */,
			);
			defaultConfigurationIsVisible = 0;
		};
/* End XCConfigurationList section */
	};
	rootObject = F276370B1D61A45F006597AC /* Project object */;
}
