// !$*UTF8*$!
{
	archiveVersion = 1;
	classes = {
	};
	objectVersion = 46;
	objects = {

/* Begin PBXBuildFile section */
		F20B56831DAF7E0B00688D4E /* CBPWKLServiceCharacteristicManager.m in Sources */ = {isa = PBXBuildFile; fileRef = F20B56821DAF7E0B00688D4E /* CBPWKLServiceCharacteristicManager.m */; };
		F20B56861DAF80CB00688D4E /* CBPWKLServiceCharacteristicModel.m in Sources */ = {isa = PBXBuildFile; fileRef = F20B56851DAF80CB00688D4E /* CBPWKLServiceCharacteristicModel.m */; };
		F20B57241DB0828000688D4E /* CBPWKLDialogUpgradeDevice.m in Sources */ = {isa = PBXBuildFile; fileRef = F20B57231DB0828000688D4E /* CBPWKLDialogUpgradeDevice.m */; };
		F20B572A1DB0859900688D4E /* CBPWKLDialogUpgradeServiceCharacteristicManager.m in Sources */ = {isa = PBXBuildFile; fileRef = F20B57291DB0859900688D4E /* CBPWKLDialogUpgradeServiceCharacteristicManager.m */; };
		F20B572D1DB08B8000688D4E /* CBPWKLDialogUpgradeServiceCharacteristicModel.m in Sources */ = {isa = PBXBuildFile; fileRef = F20B572C1DB08B8000688D4E /* CBPWKLDialogUpgradeServiceCharacteristicModel.m */; };
		F20B572F1DB0C48900688D4E /* W079A_V0.18_B20151103.img in Resources */ = {isa = PBXBuildFile; fileRef = F20B572E1DB0C48900688D4E /* W079A_V0.18_B20151103.img */; };
		F20E51961DACACEA00046732 /* libQBlueOta.a in Frameworks */ = {isa = PBXBuildFile; fileRef = F20E51921DACACEA00046732 /* libQBlueOta.a */; };
		F20E51971DACACEA00046732 /* libQBlueOtaFor4S.a in Frameworks */ = {isa = PBXBuildFile; fileRef = F20E51931DACACEA00046732 /* libQBlueOtaFor4S.a */; };
		F20E51981DACACEA00046732 /* libQBlueOtaFor5.a in Frameworks */ = {isa = PBXBuildFile; fileRef = F20E51941DACACEA00046732 /* libQBlueOtaFor5.a */; };
		F20E519B1DACAD1300046732 /* qBleClient.m in Sources */ = {isa = PBXBuildFile; fileRef = F20E519A1DACAD1300046732 /* qBleClient.m */; };
		F20E519E1DACAD3B00046732 /* CBPWKLQuinticFirmwareUpgradeAction.m in Sources */ = {isa = PBXBuildFile; fileRef = F20E519D1DACAD3B00046732 /* CBPWKLQuinticFirmwareUpgradeAction.m */; };
		F20E51A11DACBE6400046732 /* CBPQuinticUpgradeController.m in Sources */ = {isa = PBXBuildFile; fileRef = F20E51A01DACBE6400046732 /* CBPQuinticUpgradeController.m */; };
		F20E51A41DACBE7C00046732 /* CBPDialogUpgradeController.m in Sources */ = {isa = PBXBuildFile; fileRef = F20E51A31DACBE7C00046732 /* CBPDialogUpgradeController.m */; };
		F22228E31D810C7A00167379 /* CBPWKLWaterCupsAction.m in Sources */ = {isa = PBXBuildFile; fileRef = F22228E21D810C7A00167379 /* CBPWKLWaterCupsAction.m */; };
		F241896C1D90DBA9002E2914 /* CBPWKLSynchronizeHeartRateAction.m in Sources */ = {isa = PBXBuildFile; fileRef = F241896B1D90DBA9002E2914 /* CBPWKLSynchronizeHeartRateAction.m */; };
		F241896F1D9111AC002E2914 /* CBPDeviceFuctionTableViewController.m in Sources */ = {isa = PBXBuildFile; fileRef = F241896E1D9111AC002E2914 /* CBPDeviceFuctionTableViewController.m */; };
		F24189A31D912512002E2914 /* MJRefreshAutoFooter.m in Sources */ = {isa = PBXBuildFile; fileRef = F24189761D912512002E2914 /* MJRefreshAutoFooter.m */; };
		F24189A41D912512002E2914 /* MJRefreshBackFooter.m in Sources */ = {isa = PBXBuildFile; fileRef = F24189781D912512002E2914 /* MJRefreshBackFooter.m */; };
		F24189A51D912512002E2914 /* MJRefreshComponent.m in Sources */ = {isa = PBXBuildFile; fileRef = F241897A1D912512002E2914 /* MJRefreshComponent.m */; };
		F24189A61D912512002E2914 /* MJRefreshFooter.m in Sources */ = {isa = PBXBuildFile; fileRef = F241897C1D912512002E2914 /* MJRefreshFooter.m */; };
		F24189A71D912512002E2914 /* MJRefreshHeader.m in Sources */ = {isa = PBXBuildFile; fileRef = F241897E1D912512002E2914 /* MJRefreshHeader.m */; };
		F24189A81D912512002E2914 /* MJRefreshAutoGifFooter.m in Sources */ = {isa = PBXBuildFile; fileRef = F24189831D912512002E2914 /* MJRefreshAutoGifFooter.m */; };
		F24189A91D912512002E2914 /* MJRefreshAutoNormalFooter.m in Sources */ = {isa = PBXBuildFile; fileRef = F24189851D912512002E2914 /* MJRefreshAutoNormalFooter.m */; };
		F24189AA1D912512002E2914 /* MJRefreshAutoStateFooter.m in Sources */ = {isa = PBXBuildFile; fileRef = F24189871D912512002E2914 /* MJRefreshAutoStateFooter.m */; };
		F24189AB1D912512002E2914 /* MJRefreshBackGifFooter.m in Sources */ = {isa = PBXBuildFile; fileRef = F241898A1D912512002E2914 /* MJRefreshBackGifFooter.m */; };
		F24189AC1D912512002E2914 /* MJRefreshBackNormalFooter.m in Sources */ = {isa = PBXBuildFile; fileRef = F241898C1D912512002E2914 /* MJRefreshBackNormalFooter.m */; };
		F24189AD1D912512002E2914 /* MJRefreshBackStateFooter.m in Sources */ = {isa = PBXBuildFile; fileRef = F241898E1D912512002E2914 /* MJRefreshBackStateFooter.m */; };
		F24189AE1D912512002E2914 /* MJRefreshGifHeader.m in Sources */ = {isa = PBXBuildFile; fileRef = F24189911D912512002E2914 /* MJRefreshGifHeader.m */; };
		F24189AF1D912512002E2914 /* MJRefreshNormalHeader.m in Sources */ = {isa = PBXBuildFile; fileRef = F24189931D912512002E2914 /* MJRefreshNormalHeader.m */; };
		F24189B01D912512002E2914 /* MJRefreshStateHeader.m in Sources */ = {isa = PBXBuildFile; fileRef = F24189951D912512002E2914 /* MJRefreshStateHeader.m */; };
		F24189B11D912512002E2914 /* MJRefresh.bundle in Resources */ = {isa = PBXBuildFile; fileRef = F24189961D912512002E2914 /* MJRefresh.bundle */; };
		F24189B21D912512002E2914 /* MJRefreshConst.m in Sources */ = {isa = PBXBuildFile; fileRef = F24189991D912512002E2914 /* MJRefreshConst.m */; };
		F24189B31D912512002E2914 /* NSBundle+MJRefresh.m in Sources */ = {isa = PBXBuildFile; fileRef = F241899B1D912512002E2914 /* NSBundle+MJRefresh.m */; };
		F24189B41D912512002E2914 /* UIScrollView+MJExtension.m in Sources */ = {isa = PBXBuildFile; fileRef = F241899D1D912512002E2914 /* UIScrollView+MJExtension.m */; };
		F24189B51D912512002E2914 /* UIScrollView+MJRefresh.m in Sources */ = {isa = PBXBuildFile; fileRef = F241899F1D912512002E2914 /* UIScrollView+MJRefresh.m */; };
		F24189B61D912512002E2914 /* UIView+MJExtension.m in Sources */ = {isa = PBXBuildFile; fileRef = F24189A11D912512002E2914 /* UIView+MJExtension.m */; };
		F24E97BE1D86B178001AB1FB /* CBPBinStringManager.mm in Sources */ = {isa = PBXBuildFile; fileRef = F24E97BD1D86B178001AB1FB /* CBPBinStringManager.mm */; };
		F25599121DB860390057E2D3 /* main.m in Sources */ = {isa = PBXBuildFile; fileRef = F25599111DB860390057E2D3 /* main.m */; };
		F25599151DB860390057E2D3 /* AppDelegate.m in Sources */ = {isa = PBXBuildFile; fileRef = F25599141DB860390057E2D3 /* AppDelegate.m */; };
		F25599181DB860390057E2D3 /* ViewController.m in Sources */ = {isa = PBXBuildFile; fileRef = F25599171DB860390057E2D3 /* ViewController.m */; };
		F255991B1DB860390057E2D3 /* Main.storyboard in Resources */ = {isa = PBXBuildFile; fileRef = F25599191DB860390057E2D3 /* Main.storyboard */; };
		F255991D1DB860390057E2D3 /* Assets.xcassets in Resources */ = {isa = PBXBuildFile; fileRef = F255991C1DB860390057E2D3 /* Assets.xcassets */; };
		F25599201DB860390057E2D3 /* LaunchScreen.storyboard in Resources */ = {isa = PBXBuildFile; fileRef = F255991E1DB860390057E2D3 /* LaunchScreen.storyboard */; };
		F261537C1D797F05008230B4 /* SynchronizeStepTableViewController.m in Sources */ = {isa = PBXBuildFile; fileRef = F261537B1D797F05008230B4 /* SynchronizeStepTableViewController.m */; };
		F261537E1D7D259E008230B4 /* parameter_result.plist in Resources */ = {isa = PBXBuildFile; fileRef = F261537D1D7D259E008230B4 /* parameter_result.plist */; };
		F26153851D7E66D8008230B4 /* CBPStepTableViewCell.m in Sources */ = {isa = PBXBuildFile; fileRef = F26153831D7E66D8008230B4 /* CBPStepTableViewCell.m */; };
		F26153861D7E66D8008230B4 /* CBPStepTableViewCell.xib in Resources */ = {isa = PBXBuildFile; fileRef = F26153841D7E66D8008230B4 /* CBPStepTableViewCell.xib */; };
		F26153891D7E6D0F008230B4 /* CBPWKLSynchronizeSleepAction.m in Sources */ = {isa = PBXBuildFile; fileRef = F26153881D7E6D0F008230B4 /* CBPWKLSynchronizeSleepAction.m */; };
		F261538C1D7E9476008230B4 /* SynchronizeSleepTableViewController.m in Sources */ = {isa = PBXBuildFile; fileRef = F261538B1D7E9476008230B4 /* SynchronizeSleepTableViewController.m */; };
		F26153901D7E9771008230B4 /* CBPSleepTableViewCell.m in Sources */ = {isa = PBXBuildFile; fileRef = F261538E1D7E9771008230B4 /* CBPSleepTableViewCell.m */; };
		F26153911D7E9771008230B4 /* CBPSleepTableViewCell.xib in Resources */ = {isa = PBXBuildFile; fileRef = F261538F1D7E9771008230B4 /* CBPSleepTableViewCell.xib */; };
		F26153941D7EA139008230B4 /* CBPWKLQueryDeviceVersionAction.m in Sources */ = {isa = PBXBuildFile; fileRef = F26153931D7EA139008230B4 /* CBPWKLQueryDeviceVersionAction.m */; };
		F26153971D7EAA2E008230B4 /* CBPWKLFirmwareUpgradeAction.m in Sources */ = {isa = PBXBuildFile; fileRef = F26153961D7EAA2E008230B4 /* CBPWKLFirmwareUpgradeAction.m */; };
		F261539A1D7EB0B6008230B4 /* CBPWKLRestartAction.m in Sources */ = {isa = PBXBuildFile; fileRef = F26153991D7EB0B6008230B4 /* CBPWKLRestartAction.m */; };
		F264B4CB1D9E5B9800E80B67 /* firmware.png in Resources */ = {isa = PBXBuildFile; fileRef = F264B4CA1D9E5B9800E80B67 /* firmware.png */; };
		F264B4D11D9E62C800E80B67 /* Update_V26_0814_1900.BIN in Resources */ = {isa = PBXBuildFile; fileRef = F264B4D01D9E62C800E80B67 /* Update_V26_0814_1900.BIN */; };
		F264B53C1DAB6E4000E80B67 /* CBPWKLDialogFirmwareUpgradeAction.m in Sources */ = {isa = PBXBuildFile; fileRef = F264B53B1DAB6E4000E80B67 /* CBPWKLDialogFirmwareUpgradeAction.m */; };
		F264B53F1DAB6E7F00E80B67 /* CBPWKLCypressFirmwareUpgradeAction.m in Sources */ = {isa = PBXBuildFile; fileRef = F264B53E1DAB6E7F00E80B67 /* CBPWKLCypressFirmwareUpgradeAction.m */; };
		F26DD4B91D75731E0043FED4 /* NSDate+CBPUtilityTool.m in Sources */ = {isa = PBXBuildFile; fileRef = F26DD4B81D75731E0043FED4 /* NSDate+CBPUtilityTool.m */; };
		F26DD4BB1D780A6F0043FED4 /* CBPInterface.plist in Resources */ = {isa = PBXBuildFile; fileRef = F26DD4BA1D780A6F0043FED4 /* CBPInterface.plist */; };
		F26DD4BE1D7810320043FED4 /* CBPShowResultTableViewController.m in Sources */ = {isa = PBXBuildFile; fileRef = F26DD4BD1D7810320043FED4 /* CBPShowResultTableViewController.m */; };
		F26DD4C11D7816F50043FED4 /* CBPWKLPedometerTimeIntervalAction.m in Sources */ = {isa = PBXBuildFile; fileRef = F26DD4C01D7816F50043FED4 /* CBPWKLPedometerTimeIntervalAction.m */; };
		F26DD4CD1D7821490043FED4 /* CBPWKLSynchronizeStepAction.m in Sources */ = {isa = PBXBuildFile; fileRef = F26DD4CC1D7821490043FED4 /* CBPWKLSynchronizeStepAction.m */; };
		F27637181D61A45F006597AC /* main.m in Sources */ = {isa = PBXBuildFile; fileRef = F27637171D61A45F006597AC /* main.m */; };
		F276371B1D61A45F006597AC /* AppDelegate.m in Sources */ = {isa = PBXBuildFile; fileRef = F276371A1D61A45F006597AC /* AppDelegate.m */; };
		F276371E1D61A45F006597AC /* ViewController.m in Sources */ = {isa = PBXBuildFile; fileRef = F276371D1D61A45F006597AC /* ViewController.m */; };
		F27637211D61A45F006597AC /* Main.storyboard in Resources */ = {isa = PBXBuildFile; fileRef = F276371F1D61A45F006597AC /* Main.storyboard */; };
		F27637231D61A45F006597AC /* Assets.xcassets in Resources */ = {isa = PBXBuildFile; fileRef = F27637221D61A45F006597AC /* Assets.xcassets */; };
		F27637261D61A45F006597AC /* LaunchScreen.storyboard in Resources */ = {isa = PBXBuildFile; fileRef = F27637241D61A45F006597AC /* LaunchScreen.storyboard */; };
		F2B82CFE1D93C1DA0047E5DE /* CBPDispatchMessageManager.m in Sources */ = {isa = PBXBuildFile; fileRef = F2B82CFD1D93C1DA0047E5DE /* CBPDispatchMessageManager.m */; };
		F2C548C21D62FC4000A665F3 /* CBPBaseClient.m in Sources */ = {isa = PBXBuildFile; fileRef = F2C548B31D62FC4000A665F3 /* CBPBaseClient.m */; };
		F2C548C31D62FC4000A665F3 /* CBPBaseActionDataModel.m in Sources */ = {isa = PBXBuildFile; fileRef = F2C548B91D62FC4000A665F3 /* CBPBaseActionDataModel.m */; };
		F2C548C41D62FC4000A665F3 /* CBPBaseCharacteristicModel.m in Sources */ = {isa = PBXBuildFile; fileRef = F2C548BB1D62FC4000A665F3 /* CBPBaseCharacteristicModel.m */; };
		F2C548C51D62FC4000A665F3 /* CBPBasePeripheralModel.m in Sources */ = {isa = PBXBuildFile; fileRef = F2C548BD1D62FC4000A665F3 /* CBPBasePeripheralModel.m */; };
		F2C548C61D62FC4000A665F3 /* CBPBaseServiceModel.m in Sources */ = {isa = PBXBuildFile; fileRef = F2C548BF1D62FC4000A665F3 /* CBPBaseServiceModel.m */; };
		F2C548D21D62FCBE00A665F3 /* CBPBaseDevice.m in Sources */ = {isa = PBXBuildFile; fileRef = F2C548D11D62FCBE00A665F3 /* CBPBaseDevice.m */; };
		F2C548D51D62FDBF00A665F3 /* CBPBaseAction.m in Sources */ = {isa = PBXBuildFile; fileRef = F2C548D41D62FDBF00A665F3 /* CBPBaseAction.m */; };
		F2C548DF1D6307DD00A665F3 /* CBPBaseError.m in Sources */ = {isa = PBXBuildFile; fileRef = F2C548DE1D6307DD00A665F3 /* CBPBaseError.m */; };
		F2C548E21D63084C00A665F3 /* CBPBaseWorkingManager.m in Sources */ = {isa = PBXBuildFile; fileRef = F2C548E11D63084C00A665F3 /* CBPBaseWorkingManager.m */; };
		F2C548E51D6308B700A665F3 /* CBPBaseController.m in Sources */ = {isa = PBXBuildFile; fileRef = F2C548E41D6308B700A665F3 /* CBPBaseController.m */; };
		F2C548EA1D6309F200A665F3 /* CBPHexStringManager.mm in Sources */ = {isa = PBXBuildFile; fileRef = F2C548E71D6309F200A665F3 /* CBPHexStringManager.mm */; };
		F2C548EB1D6309F200A665F3 /* CBPStringToHex.mm in Sources */ = {isa = PBXBuildFile; fileRef = F2C548E91D6309F200A665F3 /* CBPStringToHex.mm */; };
		F2C548EE1D630B4800A665F3 /* CBPWKLController.m in Sources */ = {isa = PBXBuildFile; fileRef = F2C548ED1D630B4800A665F3 /* CBPWKLController.m */; };
		F2C549021D644DEC00A665F3 /* CBPWKLBindDeviceAction.m in Sources */ = {isa = PBXBuildFile; fileRef = F2C548F31D644DEC00A665F3 /* CBPWKLBindDeviceAction.m */; };
		F2C549051D644DEC00A665F3 /* CBPWKLSimpleControlAction.m in Sources */ = {isa = PBXBuildFile; fileRef = F2C548F91D644DEC00A665F3 /* CBPWKLSimpleControlAction.m */; };
		F2C549081D644DEC00A665F3 /* CBPWKLSynchronizeParameterAction.m in Sources */ = {isa = PBXBuildFile; fileRef = F2C548FF1D644DEC00A665F3 /* CBPWKLSynchronizeParameterAction.m */; };
		F2C549091D644DEC00A665F3 /* CBPWKLTransparentTransmissionAction.m in Sources */ = {isa = PBXBuildFile; fileRef = F2C549011D644DEC00A665F3 /* CBPWKLTransparentTransmissionAction.m */; };
		F2CBB29F1D92542200EEB2E9 /* CBPWKLSimpleDataAction.m in Sources */ = {isa = PBXBuildFile; fileRef = F2CBB29E1D92542200EEB2E9 /* CBPWKLSimpleDataAction.m */; };
		F2DAE62E1D6BE60100E01238 /* CBPBluetooth.plist in Resources */ = {isa = PBXBuildFile; fileRef = F2DAE62A1D6BE60100E01238 /* CBPBluetooth.plist */; };
		F2DAE62F1D6BE60100E01238 /* CBPDevice.plist in Resources */ = {isa = PBXBuildFile; fileRef = F2DAE62B1D6BE60100E01238 /* CBPDevice.plist */; };
		F2DAE6301D6BE60100E01238 /* CBPUpgradeWay.plist in Resources */ = {isa = PBXBuildFile; fileRef = F2DAE62C1D6BE60100E01238 /* CBPUpgradeWay.plist */; };
		F2DAE6311D6BE60100E01238 /* CBPWKLBluetooth.plist in Resources */ = {isa = PBXBuildFile; fileRef = F2DAE62D1D6BE60100E01238 /* CBPWKLBluetooth.plist */; };
		F2E237801DACE5400013DCC1 /* W007C_V0.51_B20150724A_app.bin in Resources */ = {isa = PBXBuildFile; fileRef = F2E2377F1DACE5400013DCC1 /* W007C_V0.51_B20150724A_app.bin */; };
		F2E237A01DADD8710013DCC1 /* W007A_V0.54_JingHua_B20150714.bin in Resources */ = {isa = PBXBuildFile; fileRef = F2E2379F1DADD8710013DCC1 /* W007A_V0.54_JingHua_B20150714.bin */; };
		F2E237A41DADE51B0013DCC1 /* enW007A_V0.54_JingHua_B20150714.bin in Resources */ = {isa = PBXBuildFile; fileRef = F2E237A31DADE51B0013DCC1 /* enW007A_V0.54_JingHua_B20150714.bin */; };
/* End PBXBuildFile section */

/* Begin PBXFileReference section */
		F20B56811DAF7E0B00688D4E /* CBPWKLServiceCharacteristicManager.h */ = {isa = PBXFileReference; fileEncoding = 4; lastKnownFileType = sourcecode.c.h; path = CBPWKLServiceCharacteristicManager.h; sourceTree = "<group>"; };
		F20B56821DAF7E0B00688D4E /* CBPWKLServiceCharacteristicManager.m */ = {isa = PBXFileReference; fileEncoding = 4; lastKnownFileType = sourcecode.c.objc; path = CBPWKLServiceCharacteristicManager.m; sourceTree = "<group>"; };
		F20B56841DAF80CB00688D4E /* CBPWKLServiceCharacteristicModel.h */ = {isa = PBXFileReference; fileEncoding = 4; lastKnownFileType = sourcecode.c.h; path = CBPWKLServiceCharacteristicModel.h; sourceTree = "<group>"; };
		F20B56851DAF80CB00688D4E /* CBPWKLServiceCharacteristicModel.m */ = {isa = PBXFileReference; fileEncoding = 4; lastKnownFileType = sourcecode.c.objc; path = CBPWKLServiceCharacteristicModel.m; sourceTree = "<group>"; };
		F20B57221DB0828000688D4E /* CBPWKLDialogUpgradeDevice.h */ = {isa = PBXFileReference; fileEncoding = 4; lastKnownFileType = sourcecode.c.h; path = CBPWKLDialogUpgradeDevice.h; sourceTree = "<group>"; };
		F20B57231DB0828000688D4E /* CBPWKLDialogUpgradeDevice.m */ = {isa = PBXFileReference; fileEncoding = 4; lastKnownFileType = sourcecode.c.objc; path = CBPWKLDialogUpgradeDevice.m; sourceTree = "<group>"; };
		F20B57281DB0859900688D4E /* CBPWKLDialogUpgradeServiceCharacteristicManager.h */ = {isa = PBXFileReference; fileEncoding = 4; lastKnownFileType = sourcecode.c.h; path = CBPWKLDialogUpgradeServiceCharacteristicManager.h; sourceTree = "<group>"; };
		F20B57291DB0859900688D4E /* CBPWKLDialogUpgradeServiceCharacteristicManager.m */ = {isa = PBXFileReference; fileEncoding = 4; lastKnownFileType = sourcecode.c.objc; path = CBPWKLDialogUpgradeServiceCharacteristicManager.m; sourceTree = "<group>"; };
		F20B572B1DB08B8000688D4E /* CBPWKLDialogUpgradeServiceCharacteristicModel.h */ = {isa = PBXFileReference; fileEncoding = 4; lastKnownFileType = sourcecode.c.h; path = CBPWKLDialogUpgradeServiceCharacteristicModel.h; sourceTree = "<group>"; };
		F20B572C1DB08B8000688D4E /* CBPWKLDialogUpgradeServiceCharacteristicModel.m */ = {isa = PBXFileReference; fileEncoding = 4; lastKnownFileType = sourcecode.c.objc; path = CBPWKLDialogUpgradeServiceCharacteristicModel.m; sourceTree = "<group>"; };
		F20B572E1DB0C48900688D4E /* W079A_V0.18_B20151103.img */ = {isa = PBXFileReference; lastKnownFileType = file; path = W079A_V0.18_B20151103.img; sourceTree = "<group>"; };
		F20E51921DACACEA00046732 /* libQBlueOta.a */ = {isa = PBXFileReference; lastKnownFileType = archive.ar; path = libQBlueOta.a; sourceTree = "<group>"; };
		F20E51931DACACEA00046732 /* libQBlueOtaFor4S.a */ = {isa = PBXFileReference; lastKnownFileType = archive.ar; path = libQBlueOtaFor4S.a; sourceTree = "<group>"; };
		F20E51941DACACEA00046732 /* libQBlueOtaFor5.a */ = {isa = PBXFileReference; lastKnownFileType = archive.ar; path = libQBlueOtaFor5.a; sourceTree = "<group>"; };
		F20E51951DACACEA00046732 /* OtaApi.h */ = {isa = PBXFileReference; fileEncoding = 4; lastKnownFileType = sourcecode.c.h; path = OtaApi.h; sourceTree = "<group>"; };
		F20E51991DACAD1300046732 /* qBleClient.h */ = {isa = PBXFileReference; fileEncoding = 4; lastKnownFileType = sourcecode.c.h; path = qBleClient.h; sourceTree = "<group>"; };
		F20E519A1DACAD1300046732 /* qBleClient.m */ = {isa = PBXFileReference; fileEncoding = 4; lastKnownFileType = sourcecode.c.objc; path = qBleClient.m; sourceTree = "<group>"; };
		F20E519C1DACAD3B00046732 /* CBPWKLQuinticFirmwareUpgradeAction.h */ = {isa = PBXFileReference; fileEncoding = 4; lastKnownFileType = sourcecode.c.h; path = CBPWKLQuinticFirmwareUpgradeAction.h; sourceTree = "<group>"; };
		F20E519D1DACAD3B00046732 /* CBPWKLQuinticFirmwareUpgradeAction.m */ = {isa = PBXFileReference; fileEncoding = 4; lastKnownFileType = sourcecode.c.objc; path = CBPWKLQuinticFirmwareUpgradeAction.m; sourceTree = "<group>"; };
		F20E519F1DACBE6400046732 /* CBPQuinticUpgradeController.h */ = {isa = PBXFileReference; fileEncoding = 4; lastKnownFileType = sourcecode.c.h; path = CBPQuinticUpgradeController.h; sourceTree = "<group>"; };
		F20E51A01DACBE6400046732 /* CBPQuinticUpgradeController.m */ = {isa = PBXFileReference; fileEncoding = 4; lastKnownFileType = sourcecode.c.objc; path = CBPQuinticUpgradeController.m; sourceTree = "<group>"; };
		F20E51A21DACBE7C00046732 /* CBPDialogUpgradeController.h */ = {isa = PBXFileReference; fileEncoding = 4; lastKnownFileType = sourcecode.c.h; path = CBPDialogUpgradeController.h; sourceTree = "<group>"; };
		F20E51A31DACBE7C00046732 /* CBPDialogUpgradeController.m */ = {isa = PBXFileReference; fileEncoding = 4; lastKnownFileType = sourcecode.c.objc; path = CBPDialogUpgradeController.m; sourceTree = "<group>"; };
		F22228E11D810C7A00167379 /* CBPWKLWaterCupsAction.h */ = {isa = PBXFileReference; fileEncoding = 4; lastKnownFileType = sourcecode.c.h; path = CBPWKLWaterCupsAction.h; sourceTree = "<group>"; };
		F22228E21D810C7A00167379 /* CBPWKLWaterCupsAction.m */ = {isa = PBXFileReference; fileEncoding = 4; lastKnownFileType = sourcecode.c.objc; path = CBPWKLWaterCupsAction.m; sourceTree = "<group>"; };
		F241896A1D90DBA9002E2914 /* CBPWKLSynchronizeHeartRateAction.h */ = {isa = PBXFileReference; fileEncoding = 4; lastKnownFileType = sourcecode.c.h; path = CBPWKLSynchronizeHeartRateAction.h; sourceTree = "<group>"; };
		F241896B1D90DBA9002E2914 /* CBPWKLSynchronizeHeartRateAction.m */ = {isa = PBXFileReference; fileEncoding = 4; lastKnownFileType = sourcecode.c.objc; path = CBPWKLSynchronizeHeartRateAction.m; sourceTree = "<group>"; };
		F241896D1D9111AC002E2914 /* CBPDeviceFuctionTableViewController.h */ = {isa = PBXFileReference; fileEncoding = 4; lastKnownFileType = sourcecode.c.h; path = CBPDeviceFuctionTableViewController.h; sourceTree = "<group>"; };
		F241896E1D9111AC002E2914 /* CBPDeviceFuctionTableViewController.m */ = {isa = PBXFileReference; fileEncoding = 4; lastKnownFileType = sourcecode.c.objc; path = CBPDeviceFuctionTableViewController.m; sourceTree = "<group>"; };
		F24189751D912512002E2914 /* MJRefreshAutoFooter.h */ = {isa = PBXFileReference; fileEncoding = 4; lastKnownFileType = sourcecode.c.h; path = MJRefreshAutoFooter.h; sourceTree = "<group>"; };
		F24189761D912512002E2914 /* MJRefreshAutoFooter.m */ = {isa = PBXFileReference; fileEncoding = 4; lastKnownFileType = sourcecode.c.objc; path = MJRefreshAutoFooter.m; sourceTree = "<group>"; };
		F24189771D912512002E2914 /* MJRefreshBackFooter.h */ = {isa = PBXFileReference; fileEncoding = 4; lastKnownFileType = sourcecode.c.h; path = MJRefreshBackFooter.h; sourceTree = "<group>"; };
		F24189781D912512002E2914 /* MJRefreshBackFooter.m */ = {isa = PBXFileReference; fileEncoding = 4; lastKnownFileType = sourcecode.c.objc; path = MJRefreshBackFooter.m; sourceTree = "<group>"; };
		F24189791D912512002E2914 /* MJRefreshComponent.h */ = {isa = PBXFileReference; fileEncoding = 4; lastKnownFileType = sourcecode.c.h; path = MJRefreshComponent.h; sourceTree = "<group>"; };
		F241897A1D912512002E2914 /* MJRefreshComponent.m */ = {isa = PBXFileReference; fileEncoding = 4; lastKnownFileType = sourcecode.c.objc; path = MJRefreshComponent.m; sourceTree = "<group>"; };
		F241897B1D912512002E2914 /* MJRefreshFooter.h */ = {isa = PBXFileReference; fileEncoding = 4; lastKnownFileType = sourcecode.c.h; path = MJRefreshFooter.h; sourceTree = "<group>"; };
		F241897C1D912512002E2914 /* MJRefreshFooter.m */ = {isa = PBXFileReference; fileEncoding = 4; lastKnownFileType = sourcecode.c.objc; path = MJRefreshFooter.m; sourceTree = "<group>"; };
		F241897D1D912512002E2914 /* MJRefreshHeader.h */ = {isa = PBXFileReference; fileEncoding = 4; lastKnownFileType = sourcecode.c.h; path = MJRefreshHeader.h; sourceTree = "<group>"; };
		F241897E1D912512002E2914 /* MJRefreshHeader.m */ = {isa = PBXFileReference; fileEncoding = 4; lastKnownFileType = sourcecode.c.objc; path = MJRefreshHeader.m; sourceTree = "<group>"; };
		F24189821D912512002E2914 /* MJRefreshAutoGifFooter.h */ = {isa = PBXFileReference; fileEncoding = 4; lastKnownFileType = sourcecode.c.h; path = MJRefreshAutoGifFooter.h; sourceTree = "<group>"; };
		F24189831D912512002E2914 /* MJRefreshAutoGifFooter.m */ = {isa = PBXFileReference; fileEncoding = 4; lastKnownFileType = sourcecode.c.objc; path = MJRefreshAutoGifFooter.m; sourceTree = "<group>"; };
		F24189841D912512002E2914 /* MJRefreshAutoNormalFooter.h */ = {isa = PBXFileReference; fileEncoding = 4; lastKnownFileType = sourcecode.c.h; path = MJRefreshAutoNormalFooter.h; sourceTree = "<group>"; };
		F24189851D912512002E2914 /* MJRefreshAutoNormalFooter.m */ = {isa = PBXFileReference; fileEncoding = 4; lastKnownFileType = sourcecode.c.objc; path = MJRefreshAutoNormalFooter.m; sourceTree = "<group>"; };
		F24189861D912512002E2914 /* MJRefreshAutoStateFooter.h */ = {isa = PBXFileReference; fileEncoding = 4; lastKnownFileType = sourcecode.c.h; path = MJRefreshAutoStateFooter.h; sourceTree = "<group>"; };
		F24189871D912512002E2914 /* MJRefreshAutoStateFooter.m */ = {isa = PBXFileReference; fileEncoding = 4; lastKnownFileType = sourcecode.c.objc; path = MJRefreshAutoStateFooter.m; sourceTree = "<group>"; };
		F24189891D912512002E2914 /* MJRefreshBackGifFooter.h */ = {isa = PBXFileReference; fileEncoding = 4; lastKnownFileType = sourcecode.c.h; path = MJRefreshBackGifFooter.h; sourceTree = "<group>"; };
		F241898A1D912512002E2914 /* MJRefreshBackGifFooter.m */ = {isa = PBXFileReference; fileEncoding = 4; lastKnownFileType = sourcecode.c.objc; path = MJRefreshBackGifFooter.m; sourceTree = "<group>"; };
		F241898B1D912512002E2914 /* MJRefreshBackNormalFooter.h */ = {isa = PBXFileReference; fileEncoding = 4; lastKnownFileType = sourcecode.c.h; path = MJRefreshBackNormalFooter.h; sourceTree = "<group>"; };
		F241898C1D912512002E2914 /* MJRefreshBackNormalFooter.m */ = {isa = PBXFileReference; fileEncoding = 4; lastKnownFileType = sourcecode.c.objc; path = MJRefreshBackNormalFooter.m; sourceTree = "<group>"; };
		F241898D1D912512002E2914 /* MJRefreshBackStateFooter.h */ = {isa = PBXFileReference; fileEncoding = 4; lastKnownFileType = sourcecode.c.h; path = MJRefreshBackStateFooter.h; sourceTree = "<group>"; };
		F241898E1D912512002E2914 /* MJRefreshBackStateFooter.m */ = {isa = PBXFileReference; fileEncoding = 4; lastKnownFileType = sourcecode.c.objc; path = MJRefreshBackStateFooter.m; sourceTree = "<group>"; };
		F24189901D912512002E2914 /* MJRefreshGifHeader.h */ = {isa = PBXFileReference; fileEncoding = 4; lastKnownFileType = sourcecode.c.h; path = MJRefreshGifHeader.h; sourceTree = "<group>"; };
		F24189911D912512002E2914 /* MJRefreshGifHeader.m */ = {isa = PBXFileReference; fileEncoding = 4; lastKnownFileType = sourcecode.c.objc; path = MJRefreshGifHeader.m; sourceTree = "<group>"; };
		F24189921D912512002E2914 /* MJRefreshNormalHeader.h */ = {isa = PBXFileReference; fileEncoding = 4; lastKnownFileType = sourcecode.c.h; path = MJRefreshNormalHeader.h; sourceTree = "<group>"; };
		F24189931D912512002E2914 /* MJRefreshNormalHeader.m */ = {isa = PBXFileReference; fileEncoding = 4; lastKnownFileType = sourcecode.c.objc; path = MJRefreshNormalHeader.m; sourceTree = "<group>"; };
		F24189941D912512002E2914 /* MJRefreshStateHeader.h */ = {isa = PBXFileReference; fileEncoding = 4; lastKnownFileType = sourcecode.c.h; path = MJRefreshStateHeader.h; sourceTree = "<group>"; };
		F24189951D912512002E2914 /* MJRefreshStateHeader.m */ = {isa = PBXFileReference; fileEncoding = 4; lastKnownFileType = sourcecode.c.objc; path = MJRefreshStateHeader.m; sourceTree = "<group>"; };
		F24189961D912512002E2914 /* MJRefresh.bundle */ = {isa = PBXFileReference; lastKnownFileType = "wrapper.plug-in"; path = MJRefresh.bundle; sourceTree = "<group>"; };
		F24189971D912512002E2914 /* MJRefresh.h */ = {isa = PBXFileReference; fileEncoding = 4; lastKnownFileType = sourcecode.c.h; path = MJRefresh.h; sourceTree = "<group>"; };
		F24189981D912512002E2914 /* MJRefreshConst.h */ = {isa = PBXFileReference; fileEncoding = 4; lastKnownFileType = sourcecode.c.h; path = MJRefreshConst.h; sourceTree = "<group>"; };
		F24189991D912512002E2914 /* MJRefreshConst.m */ = {isa = PBXFileReference; fileEncoding = 4; lastKnownFileType = sourcecode.c.objc; path = MJRefreshConst.m; sourceTree = "<group>"; };
		F241899A1D912512002E2914 /* NSBundle+MJRefresh.h */ = {isa = PBXFileReference; fileEncoding = 4; lastKnownFileType = sourcecode.c.h; path = "NSBundle+MJRefresh.h"; sourceTree = "<group>"; };
		F241899B1D912512002E2914 /* NSBundle+MJRefresh.m */ = {isa = PBXFileReference; fileEncoding = 4; lastKnownFileType = sourcecode.c.objc; path = "NSBundle+MJRefresh.m"; sourceTree = "<group>"; };
		F241899C1D912512002E2914 /* UIScrollView+MJExtension.h */ = {isa = PBXFileReference; fileEncoding = 4; lastKnownFileType = sourcecode.c.h; path = "UIScrollView+MJExtension.h"; sourceTree = "<group>"; };
		F241899D1D912512002E2914 /* UIScrollView+MJExtension.m */ = {isa = PBXFileReference; fileEncoding = 4; lastKnownFileType = sourcecode.c.objc; path = "UIScrollView+MJExtension.m"; sourceTree = "<group>"; };
		F241899E1D912512002E2914 /* UIScrollView+MJRefresh.h */ = {isa = PBXFileReference; fileEncoding = 4; lastKnownFileType = sourcecode.c.h; path = "UIScrollView+MJRefresh.h"; sourceTree = "<group>"; };
		F241899F1D912512002E2914 /* UIScrollView+MJRefresh.m */ = {isa = PBXFileReference; fileEncoding = 4; lastKnownFileType = sourcecode.c.objc; path = "UIScrollView+MJRefresh.m"; sourceTree = "<group>"; };
		F24189A01D912512002E2914 /* UIView+MJExtension.h */ = {isa = PBXFileReference; fileEncoding = 4; lastKnownFileType = sourcecode.c.h; path = "UIView+MJExtension.h"; sourceTree = "<group>"; };
		F24189A11D912512002E2914 /* UIView+MJExtension.m */ = {isa = PBXFileReference; fileEncoding = 4; lastKnownFileType = sourcecode.c.objc; path = "UIView+MJExtension.m"; sourceTree = "<group>"; };
		F24E97BC1D86B178001AB1FB /* CBPBinStringManager.h */ = {isa = PBXFileReference; fileEncoding = 4; lastKnownFileType = sourcecode.c.h; path = CBPBinStringManager.h; sourceTree = "<group>"; };
		F24E97BD1D86B178001AB1FB /* CBPBinStringManager.mm */ = {isa = PBXFileReference; fileEncoding = 4; lastKnownFileType = sourcecode.cpp.objcpp; path = CBPBinStringManager.mm; sourceTree = "<group>"; };
		F255990E1DB860390057E2D3 /* CoreBluetoothPlusSDKDemo.app */ = {isa = PBXFileReference; explicitFileType = wrapper.application; includeInIndex = 0; path = CoreBluetoothPlusSDKDemo.app; sourceTree = BUILT_PRODUCTS_DIR; };
		F25599111DB860390057E2D3 /* main.m */ = {isa = PBXFileReference; lastKnownFileType = sourcecode.c.objc; path = main.m; sourceTree = "<group>"; };
		F25599131DB860390057E2D3 /* AppDelegate.h */ = {isa = PBXFileReference; lastKnownFileType = sourcecode.c.h; path = AppDelegate.h; sourceTree = "<group>"; };
		F25599141DB860390057E2D3 /* AppDelegate.m */ = {isa = PBXFileReference; lastKnownFileType = sourcecode.c.objc; path = AppDelegate.m; sourceTree = "<group>"; };
		F25599161DB860390057E2D3 /* ViewController.h */ = {isa = PBXFileReference; lastKnownFileType = sourcecode.c.h; path = ViewController.h; sourceTree = "<group>"; };
		F25599171DB860390057E2D3 /* ViewController.m */ = {isa = PBXFileReference; lastKnownFileType = sourcecode.c.objc; path = ViewController.m; sourceTree = "<group>"; };
		F255991A1DB860390057E2D3 /* Base */ = {isa = PBXFileReference; lastKnownFileType = file.storyboard; name = Base; path = Base.lproj/Main.storyboard; sourceTree = "<group>"; };
		F255991C1DB860390057E2D3 /* Assets.xcassets */ = {isa = PBXFileReference; lastKnownFileType = folder.assetcatalog; path = Assets.xcassets; sourceTree = "<group>"; };
		F255991F1DB860390057E2D3 /* Base */ = {isa = PBXFileReference; lastKnownFileType = file.storyboard; name = Base; path = Base.lproj/LaunchScreen.storyboard; sourceTree = "<group>"; };
		F25599211DB860390057E2D3 /* Info.plist */ = {isa = PBXFileReference; lastKnownFileType = text.plist.xml; path = Info.plist; sourceTree = "<group>"; };
		F261537A1D797F05008230B4 /* SynchronizeStepTableViewController.h */ = {isa = PBXFileReference; fileEncoding = 4; lastKnownFileType = sourcecode.c.h; path = SynchronizeStepTableViewController.h; sourceTree = "<group>"; };
		F261537B1D797F05008230B4 /* SynchronizeStepTableViewController.m */ = {isa = PBXFileReference; fileEncoding = 4; lastKnownFileType = sourcecode.c.objc; path = SynchronizeStepTableViewController.m; sourceTree = "<group>"; };
		F261537D1D7D259E008230B4 /* parameter_result.plist */ = {isa = PBXFileReference; fileEncoding = 4; lastKnownFileType = text.plist.xml; path = parameter_result.plist; sourceTree = "<group>"; };
		F26153821D7E66D8008230B4 /* CBPStepTableViewCell.h */ = {isa = PBXFileReference; fileEncoding = 4; lastKnownFileType = sourcecode.c.h; path = CBPStepTableViewCell.h; sourceTree = "<group>"; };
		F26153831D7E66D8008230B4 /* CBPStepTableViewCell.m */ = {isa = PBXFileReference; fileEncoding = 4; lastKnownFileType = sourcecode.c.objc; path = CBPStepTableViewCell.m; sourceTree = "<group>"; };
		F26153841D7E66D8008230B4 /* CBPStepTableViewCell.xib */ = {isa = PBXFileReference; fileEncoding = 4; lastKnownFileType = file.xib; path = CBPStepTableViewCell.xib; sourceTree = "<group>"; };
		F26153871D7E6D0F008230B4 /* CBPWKLSynchronizeSleepAction.h */ = {isa = PBXFileReference; fileEncoding = 4; lastKnownFileType = sourcecode.c.h; path = CBPWKLSynchronizeSleepAction.h; sourceTree = "<group>"; };
		F26153881D7E6D0F008230B4 /* CBPWKLSynchronizeSleepAction.m */ = {isa = PBXFileReference; fileEncoding = 4; lastKnownFileType = sourcecode.c.objc; path = CBPWKLSynchronizeSleepAction.m; sourceTree = "<group>"; };
		F261538A1D7E9476008230B4 /* SynchronizeSleepTableViewController.h */ = {isa = PBXFileReference; fileEncoding = 4; lastKnownFileType = sourcecode.c.h; path = SynchronizeSleepTableViewController.h; sourceTree = "<group>"; };
		F261538B1D7E9476008230B4 /* SynchronizeSleepTableViewController.m */ = {isa = PBXFileReference; fileEncoding = 4; lastKnownFileType = sourcecode.c.objc; path = SynchronizeSleepTableViewController.m; sourceTree = "<group>"; };
		F261538D1D7E9771008230B4 /* CBPSleepTableViewCell.h */ = {isa = PBXFileReference; fileEncoding = 4; lastKnownFileType = sourcecode.c.h; path = CBPSleepTableViewCell.h; sourceTree = "<group>"; };
		F261538E1D7E9771008230B4 /* CBPSleepTableViewCell.m */ = {isa = PBXFileReference; fileEncoding = 4; lastKnownFileType = sourcecode.c.objc; path = CBPSleepTableViewCell.m; sourceTree = "<group>"; };
		F261538F1D7E9771008230B4 /* CBPSleepTableViewCell.xib */ = {isa = PBXFileReference; fileEncoding = 4; lastKnownFileType = file.xib; path = CBPSleepTableViewCell.xib; sourceTree = "<group>"; };
		F26153921D7EA139008230B4 /* CBPWKLQueryDeviceVersionAction.h */ = {isa = PBXFileReference; fileEncoding = 4; lastKnownFileType = sourcecode.c.h; path = CBPWKLQueryDeviceVersionAction.h; sourceTree = "<group>"; };
		F26153931D7EA139008230B4 /* CBPWKLQueryDeviceVersionAction.m */ = {isa = PBXFileReference; fileEncoding = 4; lastKnownFileType = sourcecode.c.objc; path = CBPWKLQueryDeviceVersionAction.m; sourceTree = "<group>"; };
		F26153951D7EAA2E008230B4 /* CBPWKLFirmwareUpgradeAction.h */ = {isa = PBXFileReference; fileEncoding = 4; lastKnownFileType = sourcecode.c.h; path = CBPWKLFirmwareUpgradeAction.h; sourceTree = "<group>"; };
		F26153961D7EAA2E008230B4 /* CBPWKLFirmwareUpgradeAction.m */ = {isa = PBXFileReference; fileEncoding = 4; lastKnownFileType = sourcecode.c.objc; path = CBPWKLFirmwareUpgradeAction.m; sourceTree = "<group>"; };
		F26153981D7EB0B6008230B4 /* CBPWKLRestartAction.h */ = {isa = PBXFileReference; fileEncoding = 4; lastKnownFileType = sourcecode.c.h; path = CBPWKLRestartAction.h; sourceTree = "<group>"; };
		F26153991D7EB0B6008230B4 /* CBPWKLRestartAction.m */ = {isa = PBXFileReference; fileEncoding = 4; lastKnownFileType = sourcecode.c.objc; path = CBPWKLRestartAction.m; sourceTree = "<group>"; };
		F264B4CA1D9E5B9800E80B67 /* firmware.png */ = {isa = PBXFileReference; lastKnownFileType = image.png; path = firmware.png; sourceTree = "<group>"; };
		F264B4D01D9E62C800E80B67 /* Update_V26_0814_1900.BIN */ = {isa = PBXFileReference; lastKnownFileType = archive.macbinary; path = Update_V26_0814_1900.BIN; sourceTree = "<group>"; };
		F264B53A1DAB6E4000E80B67 /* CBPWKLDialogFirmwareUpgradeAction.h */ = {isa = PBXFileReference; fileEncoding = 4; lastKnownFileType = sourcecode.c.h; path = CBPWKLDialogFirmwareUpgradeAction.h; sourceTree = "<group>"; };
		F264B53B1DAB6E4000E80B67 /* CBPWKLDialogFirmwareUpgradeAction.m */ = {isa = PBXFileReference; fileEncoding = 4; lastKnownFileType = sourcecode.c.objc; path = CBPWKLDialogFirmwareUpgradeAction.m; sourceTree = "<group>"; };
		F264B53D1DAB6E7F00E80B67 /* CBPWKLCypressFirmwareUpgradeAction.h */ = {isa = PBXFileReference; fileEncoding = 4; lastKnownFileType = sourcecode.c.h; path = CBPWKLCypressFirmwareUpgradeAction.h; sourceTree = "<group>"; };
		F264B53E1DAB6E7F00E80B67 /* CBPWKLCypressFirmwareUpgradeAction.m */ = {isa = PBXFileReference; fileEncoding = 4; lastKnownFileType = sourcecode.c.objc; path = CBPWKLCypressFirmwareUpgradeAction.m; sourceTree = "<group>"; };
		F26DD4B71D75731E0043FED4 /* NSDate+CBPUtilityTool.h */ = {isa = PBXFileReference; fileEncoding = 4; lastKnownFileType = sourcecode.c.h; path = "NSDate+CBPUtilityTool.h"; sourceTree = "<group>"; };
		F26DD4B81D75731E0043FED4 /* NSDate+CBPUtilityTool.m */ = {isa = PBXFileReference; fileEncoding = 4; lastKnownFileType = sourcecode.c.objc; path = "NSDate+CBPUtilityTool.m"; sourceTree = "<group>"; };
		F26DD4BA1D780A6F0043FED4 /* CBPInterface.plist */ = {isa = PBXFileReference; fileEncoding = 4; lastKnownFileType = text.plist.xml; path = CBPInterface.plist; sourceTree = "<group>"; };
		F26DD4BC1D7810320043FED4 /* CBPShowResultTableViewController.h */ = {isa = PBXFileReference; fileEncoding = 4; lastKnownFileType = sourcecode.c.h; path = CBPShowResultTableViewController.h; sourceTree = "<group>"; };
		F26DD4BD1D7810320043FED4 /* CBPShowResultTableViewController.m */ = {isa = PBXFileReference; fileEncoding = 4; lastKnownFileType = sourcecode.c.objc; path = CBPShowResultTableViewController.m; sourceTree = "<group>"; };
		F26DD4BF1D7816F50043FED4 /* CBPWKLPedometerTimeIntervalAction.h */ = {isa = PBXFileReference; fileEncoding = 4; lastKnownFileType = sourcecode.c.h; path = CBPWKLPedometerTimeIntervalAction.h; sourceTree = "<group>"; };
		F26DD4C01D7816F50043FED4 /* CBPWKLPedometerTimeIntervalAction.m */ = {isa = PBXFileReference; fileEncoding = 4; lastKnownFileType = sourcecode.c.objc; path = CBPWKLPedometerTimeIntervalAction.m; sourceTree = "<group>"; };
		F26DD4CB1D7821490043FED4 /* CBPWKLSynchronizeStepAction.h */ = {isa = PBXFileReference; fileEncoding = 4; lastKnownFileType = sourcecode.c.h; path = CBPWKLSynchronizeStepAction.h; sourceTree = "<group>"; };
		F26DD4CC1D7821490043FED4 /* CBPWKLSynchronizeStepAction.m */ = {isa = PBXFileReference; fileEncoding = 4; lastKnownFileType = sourcecode.c.objc; path = CBPWKLSynchronizeStepAction.m; sourceTree = "<group>"; };
		F27637131D61A45F006597AC /* CoreBluetoothPlusSDK.app */ = {isa = PBXFileReference; explicitFileType = wrapper.application; includeInIndex = 0; path = CoreBluetoothPlusSDK.app; sourceTree = BUILT_PRODUCTS_DIR; };
		F27637171D61A45F006597AC /* main.m */ = {isa = PBXFileReference; lastKnownFileType = sourcecode.c.objc; path = main.m; sourceTree = "<group>"; };
		F27637191D61A45F006597AC /* AppDelegate.h */ = {isa = PBXFileReference; lastKnownFileType = sourcecode.c.h; path = AppDelegate.h; sourceTree = "<group>"; };
		F276371A1D61A45F006597AC /* AppDelegate.m */ = {isa = PBXFileReference; lastKnownFileType = sourcecode.c.objc; path = AppDelegate.m; sourceTree = "<group>"; };
		F276371C1D61A45F006597AC /* ViewController.h */ = {isa = PBXFileReference; lastKnownFileType = sourcecode.c.h; path = ViewController.h; sourceTree = "<group>"; };
		F276371D1D61A45F006597AC /* ViewController.m */ = {isa = PBXFileReference; lastKnownFileType = sourcecode.c.objc; path = ViewController.m; sourceTree = "<group>"; };
		F27637201D61A45F006597AC /* Base */ = {isa = PBXFileReference; lastKnownFileType = file.storyboard; name = Base; path = Base.lproj/Main.storyboard; sourceTree = "<group>"; };
		F27637221D61A45F006597AC /* Assets.xcassets */ = {isa = PBXFileReference; lastKnownFileType = folder.assetcatalog; path = Assets.xcassets; sourceTree = "<group>"; };
		F27637251D61A45F006597AC /* Base */ = {isa = PBXFileReference; lastKnownFileType = file.storyboard; name = Base; path = Base.lproj/LaunchScreen.storyboard; sourceTree = "<group>"; };
		F27637271D61A45F006597AC /* Info.plist */ = {isa = PBXFileReference; lastKnownFileType = text.plist.xml; path = Info.plist; sourceTree = "<group>"; };
		F2B82CFC1D93C1DA0047E5DE /* CBPDispatchMessageManager.h */ = {isa = PBXFileReference; fileEncoding = 4; lastKnownFileType = sourcecode.c.h; path = CBPDispatchMessageManager.h; sourceTree = "<group>"; };
		F2B82CFD1D93C1DA0047E5DE /* CBPDispatchMessageManager.m */ = {isa = PBXFileReference; fileEncoding = 4; lastKnownFileType = sourcecode.c.objc; path = CBPDispatchMessageManager.m; sourceTree = "<group>"; };
		F2C548B21D62FC4000A665F3 /* CBPBaseClient.h */ = {isa = PBXFileReference; fileEncoding = 4; lastKnownFileType = sourcecode.c.h; path = CBPBaseClient.h; sourceTree = "<group>"; };
		F2C548B31D62FC4000A665F3 /* CBPBaseClient.m */ = {isa = PBXFileReference; fileEncoding = 4; lastKnownFileType = sourcecode.c.objc; path = CBPBaseClient.m; sourceTree = "<group>"; };
		F2C548B81D62FC4000A665F3 /* CBPBaseActionDataModel.h */ = {isa = PBXFileReference; fileEncoding = 4; lastKnownFileType = sourcecode.c.h; path = CBPBaseActionDataModel.h; sourceTree = "<group>"; };
		F2C548B91D62FC4000A665F3 /* CBPBaseActionDataModel.m */ = {isa = PBXFileReference; fileEncoding = 4; lastKnownFileType = sourcecode.c.objc; path = CBPBaseActionDataModel.m; sourceTree = "<group>"; };
		F2C548BA1D62FC4000A665F3 /* CBPBaseCharacteristicModel.h */ = {isa = PBXFileReference; fileEncoding = 4; lastKnownFileType = sourcecode.c.h; path = CBPBaseCharacteristicModel.h; sourceTree = "<group>"; };
		F2C548BB1D62FC4000A665F3 /* CBPBaseCharacteristicModel.m */ = {isa = PBXFileReference; fileEncoding = 4; lastKnownFileType = sourcecode.c.objc; path = CBPBaseCharacteristicModel.m; sourceTree = "<group>"; };
		F2C548BC1D62FC4000A665F3 /* CBPBasePeripheralModel.h */ = {isa = PBXFileReference; fileEncoding = 4; lastKnownFileType = sourcecode.c.h; path = CBPBasePeripheralModel.h; sourceTree = "<group>"; };
		F2C548BD1D62FC4000A665F3 /* CBPBasePeripheralModel.m */ = {isa = PBXFileReference; fileEncoding = 4; lastKnownFileType = sourcecode.c.objc; path = CBPBasePeripheralModel.m; sourceTree = "<group>"; };
		F2C548BE1D62FC4000A665F3 /* CBPBaseServiceModel.h */ = {isa = PBXFileReference; fileEncoding = 4; lastKnownFileType = sourcecode.c.h; path = CBPBaseServiceModel.h; sourceTree = "<group>"; };
		F2C548BF1D62FC4000A665F3 /* CBPBaseServiceModel.m */ = {isa = PBXFileReference; fileEncoding = 4; lastKnownFileType = sourcecode.c.objc; path = CBPBaseServiceModel.m; sourceTree = "<group>"; };
		F2C548D01D62FCBE00A665F3 /* CBPBaseDevice.h */ = {isa = PBXFileReference; fileEncoding = 4; lastKnownFileType = sourcecode.c.h; path = CBPBaseDevice.h; sourceTree = "<group>"; };
		F2C548D11D62FCBE00A665F3 /* CBPBaseDevice.m */ = {isa = PBXFileReference; fileEncoding = 4; lastKnownFileType = sourcecode.c.objc; path = CBPBaseDevice.m; sourceTree = "<group>"; };
		F2C548D31D62FDBF00A665F3 /* CBPBaseAction.h */ = {isa = PBXFileReference; fileEncoding = 4; lastKnownFileType = sourcecode.c.h; path = CBPBaseAction.h; sourceTree = "<group>"; };
		F2C548D41D62FDBF00A665F3 /* CBPBaseAction.m */ = {isa = PBXFileReference; fileEncoding = 4; lastKnownFileType = sourcecode.c.objc; path = CBPBaseAction.m; sourceTree = "<group>"; };
		F2C548DC1D6300ED00A665F3 /* CoreBluetoothPlus.h */ = {isa = PBXFileReference; lastKnownFileType = sourcecode.c.h; path = CoreBluetoothPlus.h; sourceTree = "<group>"; };
		F2C548DD1D6307DD00A665F3 /* CBPBaseError.h */ = {isa = PBXFileReference; fileEncoding = 4; lastKnownFileType = sourcecode.c.h; path = CBPBaseError.h; sourceTree = "<group>"; };
		F2C548DE1D6307DD00A665F3 /* CBPBaseError.m */ = {isa = PBXFileReference; fileEncoding = 4; lastKnownFileType = sourcecode.c.objc; path = CBPBaseError.m; sourceTree = "<group>"; };
		F2C548E01D63084C00A665F3 /* CBPBaseWorkingManager.h */ = {isa = PBXFileReference; fileEncoding = 4; lastKnownFileType = sourcecode.c.h; path = CBPBaseWorkingManager.h; sourceTree = "<group>"; };
		F2C548E11D63084C00A665F3 /* CBPBaseWorkingManager.m */ = {isa = PBXFileReference; fileEncoding = 4; lastKnownFileType = sourcecode.c.objc; path = CBPBaseWorkingManager.m; sourceTree = "<group>"; };
		F2C548E31D6308B700A665F3 /* CBPBaseController.h */ = {isa = PBXFileReference; fileEncoding = 4; lastKnownFileType = sourcecode.c.h; path = CBPBaseController.h; sourceTree = "<group>"; };
		F2C548E41D6308B700A665F3 /* CBPBaseController.m */ = {isa = PBXFileReference; fileEncoding = 4; lastKnownFileType = sourcecode.c.objc; path = CBPBaseController.m; sourceTree = "<group>"; };
		F2C548E61D6309F200A665F3 /* CBPHexStringManager.h */ = {isa = PBXFileReference; fileEncoding = 4; lastKnownFileType = sourcecode.c.h; path = CBPHexStringManager.h; sourceTree = "<group>"; };
		F2C548E71D6309F200A665F3 /* CBPHexStringManager.mm */ = {isa = PBXFileReference; fileEncoding = 4; lastKnownFileType = sourcecode.cpp.objcpp; path = CBPHexStringManager.mm; sourceTree = "<group>"; };
		F2C548E81D6309F200A665F3 /* CBPStringToHex.h */ = {isa = PBXFileReference; fileEncoding = 4; lastKnownFileType = sourcecode.c.h; path = CBPStringToHex.h; sourceTree = "<group>"; };
		F2C548E91D6309F200A665F3 /* CBPStringToHex.mm */ = {isa = PBXFileReference; fileEncoding = 4; lastKnownFileType = sourcecode.cpp.objcpp; path = CBPStringToHex.mm; sourceTree = "<group>"; };
		F2C548EC1D630B4800A665F3 /* CBPWKLController.h */ = {isa = PBXFileReference; fileEncoding = 4; lastKnownFileType = sourcecode.c.h; path = CBPWKLController.h; sourceTree = "<group>"; };
		F2C548ED1D630B4800A665F3 /* CBPWKLController.m */ = {isa = PBXFileReference; fileEncoding = 4; lastKnownFileType = sourcecode.c.objc; path = CBPWKLController.m; sourceTree = "<group>"; };
		F2C548F21D644DEC00A665F3 /* CBPWKLBindDeviceAction.h */ = {isa = PBXFileReference; fileEncoding = 4; lastKnownFileType = sourcecode.c.h; path = CBPWKLBindDeviceAction.h; sourceTree = "<group>"; };
		F2C548F31D644DEC00A665F3 /* CBPWKLBindDeviceAction.m */ = {isa = PBXFileReference; fileEncoding = 4; lastKnownFileType = sourcecode.c.objc; path = CBPWKLBindDeviceAction.m; sourceTree = "<group>"; };
		F2C548F81D644DEC00A665F3 /* CBPWKLSimpleControlAction.h */ = {isa = PBXFileReference; fileEncoding = 4; lastKnownFileType = sourcecode.c.h; path = CBPWKLSimpleControlAction.h; sourceTree = "<group>"; };
		F2C548F91D644DEC00A665F3 /* CBPWKLSimpleControlAction.m */ = {isa = PBXFileReference; fileEncoding = 4; lastKnownFileType = sourcecode.c.objc; path = CBPWKLSimpleControlAction.m; sourceTree = "<group>"; };
		F2C548FE1D644DEC00A665F3 /* CBPWKLSynchronizeParameterAction.h */ = {isa = PBXFileReference; fileEncoding = 4; lastKnownFileType = sourcecode.c.h; path = CBPWKLSynchronizeParameterAction.h; sourceTree = "<group>"; };
		F2C548FF1D644DEC00A665F3 /* CBPWKLSynchronizeParameterAction.m */ = {isa = PBXFileReference; fileEncoding = 4; lastKnownFileType = sourcecode.c.objc; path = CBPWKLSynchronizeParameterAction.m; sourceTree = "<group>"; };
		F2C549001D644DEC00A665F3 /* CBPWKLTransparentTransmissionAction.h */ = {isa = PBXFileReference; fileEncoding = 4; lastKnownFileType = sourcecode.c.h; path = CBPWKLTransparentTransmissionAction.h; sourceTree = "<group>"; };
		F2C549011D644DEC00A665F3 /* CBPWKLTransparentTransmissionAction.m */ = {isa = PBXFileReference; fileEncoding = 4; lastKnownFileType = sourcecode.c.objc; path = CBPWKLTransparentTransmissionAction.m; sourceTree = "<group>"; };
		F2CBB29D1D92542200EEB2E9 /* CBPWKLSimpleDataAction.h */ = {isa = PBXFileReference; fileEncoding = 4; lastKnownFileType = sourcecode.c.h; path = CBPWKLSimpleDataAction.h; sourceTree = "<group>"; };
		F2CBB29E1D92542200EEB2E9 /* CBPWKLSimpleDataAction.m */ = {isa = PBXFileReference; fileEncoding = 4; lastKnownFileType = sourcecode.c.objc; path = CBPWKLSimpleDataAction.m; sourceTree = "<group>"; };
		F2DAE62A1D6BE60100E01238 /* CBPBluetooth.plist */ = {isa = PBXFileReference; fileEncoding = 4; lastKnownFileType = text.plist.xml; path = CBPBluetooth.plist; sourceTree = "<group>"; };
		F2DAE62B1D6BE60100E01238 /* CBPDevice.plist */ = {isa = PBXFileReference; fileEncoding = 4; lastKnownFileType = text.plist.xml; path = CBPDevice.plist; sourceTree = "<group>"; };
		F2DAE62C1D6BE60100E01238 /* CBPUpgradeWay.plist */ = {isa = PBXFileReference; fileEncoding = 4; lastKnownFileType = text.plist.xml; path = CBPUpgradeWay.plist; sourceTree = "<group>"; };
		F2DAE62D1D6BE60100E01238 /* CBPWKLBluetooth.plist */ = {isa = PBXFileReference; fileEncoding = 4; lastKnownFileType = text.plist.xml; path = CBPWKLBluetooth.plist; sourceTree = "<group>"; };
		F2E2377F1DACE5400013DCC1 /* W007C_V0.51_B20150724A_app.bin */ = {isa = PBXFileReference; lastKnownFileType = archive.macbinary; path = W007C_V0.51_B20150724A_app.bin; sourceTree = "<group>"; };
		F2E2379F1DADD8710013DCC1 /* W007A_V0.54_JingHua_B20150714.bin */ = {isa = PBXFileReference; lastKnownFileType = archive.macbinary; path = W007A_V0.54_JingHua_B20150714.bin; sourceTree = "<group>"; };
		F2E237A31DADE51B0013DCC1 /* enW007A_V0.54_JingHua_B20150714.bin */ = {isa = PBXFileReference; lastKnownFileType = archive.macbinary; path = enW007A_V0.54_JingHua_B20150714.bin; sourceTree = "<group>"; };
/* End PBXFileReference section */

/* Begin PBXFrameworksBuildPhase section */
		F255990B1DB860390057E2D3 /* Frameworks */ = {
			isa = PBXFrameworksBuildPhase;
			buildActionMask = 2147483647;
			files = (
			);
			runOnlyForDeploymentPostprocessing = 0;
		};
		F27637101D61A45F006597AC /* Frameworks */ = {
			isa = PBXFrameworksBuildPhase;
			buildActionMask = 2147483647;
			files = (
				F20E51981DACACEA00046732 /* libQBlueOtaFor5.a in Frameworks */,
				F20E51961DACACEA00046732 /* libQBlueOta.a in Frameworks */,
				F20E51971DACACEA00046732 /* libQBlueOtaFor4S.a in Frameworks */,
			);
			runOnlyForDeploymentPostprocessing = 0;
		};
/* End PBXFrameworksBuildPhase section */

/* Begin PBXGroup section */
		F20E51911DACACEA00046732 /* OTA */ = {
			isa = PBXGroup;
			children = (
				F20E51921DACACEA00046732 /* libQBlueOta.a */,
				F20E51931DACACEA00046732 /* libQBlueOtaFor4S.a */,
				F20E51941DACACEA00046732 /* libQBlueOtaFor5.a */,
				F20E51951DACACEA00046732 /* OtaApi.h */,
				F20E51991DACAD1300046732 /* qBleClient.h */,
				F20E519A1DACAD1300046732 /* qBleClient.m */,
			);
			path = OTA;
			sourceTree = "<group>";
		};
		F24189731D912512002E2914 /* MJRefresh */ = {
			isa = PBXGroup;
			children = (
				F24189741D912512002E2914 /* Base */,
				F241897F1D912512002E2914 /* Custom */,
				F24189961D912512002E2914 /* MJRefresh.bundle */,
				F24189971D912512002E2914 /* MJRefresh.h */,
				F24189981D912512002E2914 /* MJRefreshConst.h */,
				F24189991D912512002E2914 /* MJRefreshConst.m */,
				F241899A1D912512002E2914 /* NSBundle+MJRefresh.h */,
				F241899B1D912512002E2914 /* NSBundle+MJRefresh.m */,
				F241899C1D912512002E2914 /* UIScrollView+MJExtension.h */,
				F241899D1D912512002E2914 /* UIScrollView+MJExtension.m */,
				F241899E1D912512002E2914 /* UIScrollView+MJRefresh.h */,
				F241899F1D912512002E2914 /* UIScrollView+MJRefresh.m */,
				F24189A01D912512002E2914 /* UIView+MJExtension.h */,
				F24189A11D912512002E2914 /* UIView+MJExtension.m */,
			);
			path = MJRefresh;
			sourceTree = "<group>";
		};
		F24189741D912512002E2914 /* Base */ = {
			isa = PBXGroup;
			children = (
				F24189751D912512002E2914 /* MJRefreshAutoFooter.h */,
				F24189761D912512002E2914 /* MJRefreshAutoFooter.m */,
				F24189771D912512002E2914 /* MJRefreshBackFooter.h */,
				F24189781D912512002E2914 /* MJRefreshBackFooter.m */,
				F24189791D912512002E2914 /* MJRefreshComponent.h */,
				F241897A1D912512002E2914 /* MJRefreshComponent.m */,
				F241897B1D912512002E2914 /* MJRefreshFooter.h */,
				F241897C1D912512002E2914 /* MJRefreshFooter.m */,
				F241897D1D912512002E2914 /* MJRefreshHeader.h */,
				F241897E1D912512002E2914 /* MJRefreshHeader.m */,
			);
			path = Base;
			sourceTree = "<group>";
		};
		F241897F1D912512002E2914 /* Custom */ = {
			isa = PBXGroup;
			children = (
				F24189801D912512002E2914 /* Footer */,
				F241898F1D912512002E2914 /* Header */,
			);
			path = Custom;
			sourceTree = "<group>";
		};
		F24189801D912512002E2914 /* Footer */ = {
			isa = PBXGroup;
			children = (
				F24189811D912512002E2914 /* Auto */,
				F24189881D912512002E2914 /* Back */,
			);
			path = Footer;
			sourceTree = "<group>";
		};
		F24189811D912512002E2914 /* Auto */ = {
			isa = PBXGroup;
			children = (
				F24189821D912512002E2914 /* MJRefreshAutoGifFooter.h */,
				F24189831D912512002E2914 /* MJRefreshAutoGifFooter.m */,
				F24189841D912512002E2914 /* MJRefreshAutoNormalFooter.h */,
				F24189851D912512002E2914 /* MJRefreshAutoNormalFooter.m */,
				F24189861D912512002E2914 /* MJRefreshAutoStateFooter.h */,
				F24189871D912512002E2914 /* MJRefreshAutoStateFooter.m */,
			);
			path = Auto;
			sourceTree = "<group>";
		};
		F24189881D912512002E2914 /* Back */ = {
			isa = PBXGroup;
			children = (
				F24189891D912512002E2914 /* MJRefreshBackGifFooter.h */,
				F241898A1D912512002E2914 /* MJRefreshBackGifFooter.m */,
				F241898B1D912512002E2914 /* MJRefreshBackNormalFooter.h */,
				F241898C1D912512002E2914 /* MJRefreshBackNormalFooter.m */,
				F241898D1D912512002E2914 /* MJRefreshBackStateFooter.h */,
				F241898E1D912512002E2914 /* MJRefreshBackStateFooter.m */,
			);
			path = Back;
			sourceTree = "<group>";
		};
		F241898F1D912512002E2914 /* Header */ = {
			isa = PBXGroup;
			children = (
				F24189901D912512002E2914 /* MJRefreshGifHeader.h */,
				F24189911D912512002E2914 /* MJRefreshGifHeader.m */,
				F24189921D912512002E2914 /* MJRefreshNormalHeader.h */,
				F24189931D912512002E2914 /* MJRefreshNormalHeader.m */,
				F24189941D912512002E2914 /* MJRefreshStateHeader.h */,
				F24189951D912512002E2914 /* MJRefreshStateHeader.m */,
			);
			path = Header;
			sourceTree = "<group>";
		};
		F255990F1DB860390057E2D3 /* CoreBluetoothPlusSDKDemo */ = {
			isa = PBXGroup;
			children = (
				F25599131DB860390057E2D3 /* AppDelegate.h */,
				F25599141DB860390057E2D3 /* AppDelegate.m */,
				F25599161DB860390057E2D3 /* ViewController.h */,
				F25599171DB860390057E2D3 /* ViewController.m */,
				F25599191DB860390057E2D3 /* Main.storyboard */,
				F255991C1DB860390057E2D3 /* Assets.xcassets */,
				F255991E1DB860390057E2D3 /* LaunchScreen.storyboard */,
				F25599211DB860390057E2D3 /* Info.plist */,
				F25599101DB860390057E2D3 /* Supporting Files */,
			);
			path = CoreBluetoothPlusSDKDemo;
			sourceTree = "<group>";
		};
		F25599101DB860390057E2D3 /* Supporting Files */ = {
			isa = PBXGroup;
			children = (
				F25599111DB860390057E2D3 /* main.m */,
			);
			name = "Supporting Files";
			sourceTree = "<group>";
		};
		F276370A1D61A45F006597AC = {
			isa = PBXGroup;
			children = (
				F27637151D61A45F006597AC /* CoreBluetoothPlusSDK */,
				F255990F1DB860390057E2D3 /* CoreBluetoothPlusSDKDemo */,
				F27637141D61A45F006597AC /* Products */,
			);
			sourceTree = "<group>";
		};
		F27637141D61A45F006597AC /* Products */ = {
			isa = PBXGroup;
			children = (
				F27637131D61A45F006597AC /* CoreBluetoothPlusSDK.app */,
				F255990E1DB860390057E2D3 /* CoreBluetoothPlusSDKDemo.app */,
			);
			name = Products;
			sourceTree = "<group>";
		};
		F27637151D61A45F006597AC /* CoreBluetoothPlusSDK */ = {
			isa = PBXGroup;
			children = (
				F24189731D912512002E2914 /* MJRefresh */,
				F27637191D61A45F006597AC /* AppDelegate.h */,
				F276371A1D61A45F006597AC /* AppDelegate.m */,
				F276371C1D61A45F006597AC /* ViewController.h */,
				F276371D1D61A45F006597AC /* ViewController.m */,
				F264B4D01D9E62C800E80B67 /* Update_V26_0814_1900.BIN */,
				F2E2377F1DACE5400013DCC1 /* W007C_V0.51_B20150724A_app.bin */,
				F2E237A31DADE51B0013DCC1 /* enW007A_V0.54_JingHua_B20150714.bin */,
				F2E2379F1DADD8710013DCC1 /* W007A_V0.54_JingHua_B20150714.bin */,
				F20B572E1DB0C48900688D4E /* W079A_V0.18_B20151103.img */,
				F264B4CA1D9E5B9800E80B67 /* firmware.png */,
				F241896D1D9111AC002E2914 /* CBPDeviceFuctionTableViewController.h */,
				F241896E1D9111AC002E2914 /* CBPDeviceFuctionTableViewController.m */,
				F26DD4BC1D7810320043FED4 /* CBPShowResultTableViewController.h */,
				F26DD4BD1D7810320043FED4 /* CBPShowResultTableViewController.m */,
				F261537A1D797F05008230B4 /* SynchronizeStepTableViewController.h */,
				F261537B1D797F05008230B4 /* SynchronizeStepTableViewController.m */,
				F261538A1D7E9476008230B4 /* SynchronizeSleepTableViewController.h */,
				F261538B1D7E9476008230B4 /* SynchronizeSleepTableViewController.m */,
				F26153821D7E66D8008230B4 /* CBPStepTableViewCell.h */,
				F26153831D7E66D8008230B4 /* CBPStepTableViewCell.m */,
				F26153841D7E66D8008230B4 /* CBPStepTableViewCell.xib */,
				F261538D1D7E9771008230B4 /* CBPSleepTableViewCell.h */,
				F261538E1D7E9771008230B4 /* CBPSleepTableViewCell.m */,
				F261538F1D7E9771008230B4 /* CBPSleepTableViewCell.xib */,
				F2C5489B1D62ABF100A665F3 /* CoreBluetoothPlusSDK */,
				F2C548C71D62FC4E00A665F3 /* WKLBluetoothModule */,
				F276371F1D61A45F006597AC /* Main.storyboard */,
				F27637221D61A45F006597AC /* Assets.xcassets */,
				F27637241D61A45F006597AC /* LaunchScreen.storyboard */,
				F27637271D61A45F006597AC /* Info.plist */,
				F27637161D61A45F006597AC /* Supporting Files */,
			);
			path = CoreBluetoothPlusSDK;
			sourceTree = "<group>";
		};
		F27637161D61A45F006597AC /* Supporting Files */ = {
			isa = PBXGroup;
			children = (
				F27637171D61A45F006597AC /* main.m */,
			);
			name = "Supporting Files";
			sourceTree = "<group>";
		};
		F2C5489B1D62ABF100A665F3 /* CoreBluetoothPlusSDK */ = {
			isa = PBXGroup;
			children = (
				F2C548B01D62FC4000A665F3 /* Action */,
				F2C548B11D62FC4000A665F3 /* Client */,
				F2C548B41D62FC4000A665F3 /* Controller */,
				F2C548B51D62FC4000A665F3 /* Device */,
				F2C548B61D62FC4000A665F3 /* Error */,
				F2C548B71D62FC4000A665F3 /* Model */,
				F2C548C01D62FC4000A665F3 /* UnityTool */,
				F2C548C11D62FC4000A665F3 /* WorkingManager */,
			);
			path = CoreBluetoothPlusSDK;
			sourceTree = "<group>";
		};
		F2C548B01D62FC4000A665F3 /* Action */ = {
			isa = PBXGroup;
			children = (
				F2C548D31D62FDBF00A665F3 /* CBPBaseAction.h */,
				F2C548D41D62FDBF00A665F3 /* CBPBaseAction.m */,
			);
			path = Action;
			sourceTree = "<group>";
		};
		F2C548B11D62FC4000A665F3 /* Client */ = {
			isa = PBXGroup;
			children = (
				F2C548B21D62FC4000A665F3 /* CBPBaseClient.h */,
				F2C548B31D62FC4000A665F3 /* CBPBaseClient.m */,
			);
			path = Client;
			sourceTree = "<group>";
		};
		F2C548B41D62FC4000A665F3 /* Controller */ = {
			isa = PBXGroup;
			children = (
				F2C548E31D6308B700A665F3 /* CBPBaseController.h */,
				F2C548E41D6308B700A665F3 /* CBPBaseController.m */,
			);
			path = Controller;
			sourceTree = "<group>";
		};
		F2C548B51D62FC4000A665F3 /* Device */ = {
			isa = PBXGroup;
			children = (
				F2C548D01D62FCBE00A665F3 /* CBPBaseDevice.h */,
				F2C548D11D62FCBE00A665F3 /* CBPBaseDevice.m */,
			);
			path = Device;
			sourceTree = "<group>";
		};
		F2C548B61D62FC4000A665F3 /* Error */ = {
			isa = PBXGroup;
			children = (
				F2C548DD1D6307DD00A665F3 /* CBPBaseError.h */,
				F2C548DE1D6307DD00A665F3 /* CBPBaseError.m */,
			);
			path = Error;
			sourceTree = "<group>";
		};
		F2C548B71D62FC4000A665F3 /* Model */ = {
			isa = PBXGroup;
			children = (
				F2C548B81D62FC4000A665F3 /* CBPBaseActionDataModel.h */,
				F2C548B91D62FC4000A665F3 /* CBPBaseActionDataModel.m */,
				F2C548BA1D62FC4000A665F3 /* CBPBaseCharacteristicModel.h */,
				F2C548BB1D62FC4000A665F3 /* CBPBaseCharacteristicModel.m */,
				F2C548BC1D62FC4000A665F3 /* CBPBasePeripheralModel.h */,
				F2C548BD1D62FC4000A665F3 /* CBPBasePeripheralModel.m */,
				F2C548BE1D62FC4000A665F3 /* CBPBaseServiceModel.h */,
				F2C548BF1D62FC4000A665F3 /* CBPBaseServiceModel.m */,
			);
			path = Model;
			sourceTree = "<group>";
		};
		F2C548C01D62FC4000A665F3 /* UnityTool */ = {
			isa = PBXGroup;
			children = (
				F2C548DC1D6300ED00A665F3 /* CoreBluetoothPlus.h */,
				F2C548E61D6309F200A665F3 /* CBPHexStringManager.h */,
				F2C548E71D6309F200A665F3 /* CBPHexStringManager.mm */,
				F24E97BC1D86B178001AB1FB /* CBPBinStringManager.h */,
				F24E97BD1D86B178001AB1FB /* CBPBinStringManager.mm */,
				F2B82CFC1D93C1DA0047E5DE /* CBPDispatchMessageManager.h */,
				F2B82CFD1D93C1DA0047E5DE /* CBPDispatchMessageManager.m */,
				F2C548E81D6309F200A665F3 /* CBPStringToHex.h */,
				F2C548E91D6309F200A665F3 /* CBPStringToHex.mm */,
				F26DD4B71D75731E0043FED4 /* NSDate+CBPUtilityTool.h */,
				F26DD4B81D75731E0043FED4 /* NSDate+CBPUtilityTool.m */,
			);
			path = UnityTool;
			sourceTree = "<group>";
		};
		F2C548C11D62FC4000A665F3 /* WorkingManager */ = {
			isa = PBXGroup;
			children = (
				F2C548E01D63084C00A665F3 /* CBPBaseWorkingManager.h */,
				F2C548E11D63084C00A665F3 /* CBPBaseWorkingManager.m */,
			);
			path = WorkingManager;
			sourceTree = "<group>";
		};
		F2C548C71D62FC4E00A665F3 /* WKLBluetoothModule */ = {
			isa = PBXGroup;
			children = (
				F2DAE6291D6BE60100E01238 /* Plist */,
				F2C548C81D62FC4E00A665F3 /* Action */,
				F2C548C91D62FC4E00A665F3 /* Client */,
				F2C548CA1D62FC4E00A665F3 /* Controller */,
				F2C548CB1D62FC4E00A665F3 /* Device */,
				F2C548CC1D62FC4E00A665F3 /* Error */,
				F2C548CD1D62FC4E00A665F3 /* Model */,
				F2C548CE1D62FC4E00A665F3 /* UnityTool */,
				F2C548CF1D62FC4E00A665F3 /* WorkingManager */,
			);
			path = WKLBluetoothModule;
			sourceTree = "<group>";
		};
		F2C548C81D62FC4E00A665F3 /* Action */ = {
			isa = PBXGroup;
			children = (
				F2C548F21D644DEC00A665F3 /* CBPWKLBindDeviceAction.h */,
				F2C548F31D644DEC00A665F3 /* CBPWKLBindDeviceAction.m */,
				F26DD4BF1D7816F50043FED4 /* CBPWKLPedometerTimeIntervalAction.h */,
				F26DD4C01D7816F50043FED4 /* CBPWKLPedometerTimeIntervalAction.m */,
				F26DD4CB1D7821490043FED4 /* CBPWKLSynchronizeStepAction.h */,
				F26DD4CC1D7821490043FED4 /* CBPWKLSynchronizeStepAction.m */,
				F26153871D7E6D0F008230B4 /* CBPWKLSynchronizeSleepAction.h */,
				F26153881D7E6D0F008230B4 /* CBPWKLSynchronizeSleepAction.m */,
				F241896A1D90DBA9002E2914 /* CBPWKLSynchronizeHeartRateAction.h */,
				F241896B1D90DBA9002E2914 /* CBPWKLSynchronizeHeartRateAction.m */,
				F26153921D7EA139008230B4 /* CBPWKLQueryDeviceVersionAction.h */,
				F26153931D7EA139008230B4 /* CBPWKLQueryDeviceVersionAction.m */,
				F26153951D7EAA2E008230B4 /* CBPWKLFirmwareUpgradeAction.h */,
				F26153961D7EAA2E008230B4 /* CBPWKLFirmwareUpgradeAction.m */,
				F20E519C1DACAD3B00046732 /* CBPWKLQuinticFirmwareUpgradeAction.h */,
				F20E519D1DACAD3B00046732 /* CBPWKLQuinticFirmwareUpgradeAction.m */,
				F264B53A1DAB6E4000E80B67 /* CBPWKLDialogFirmwareUpgradeAction.h */,
				F264B53B1DAB6E4000E80B67 /* CBPWKLDialogFirmwareUpgradeAction.m */,
				F264B53D1DAB6E7F00E80B67 /* CBPWKLCypressFirmwareUpgradeAction.h */,
				F264B53E1DAB6E7F00E80B67 /* CBPWKLCypressFirmwareUpgradeAction.m */,
				F26153981D7EB0B6008230B4 /* CBPWKLRestartAction.h */,
				F26153991D7EB0B6008230B4 /* CBPWKLRestartAction.m */,
				F22228E11D810C7A00167379 /* CBPWKLWaterCupsAction.h */,
				F22228E21D810C7A00167379 /* CBPWKLWaterCupsAction.m */,
				F2C548F81D644DEC00A665F3 /* CBPWKLSimpleControlAction.h */,
				F2C548F91D644DEC00A665F3 /* CBPWKLSimpleControlAction.m */,
				F2CBB29D1D92542200EEB2E9 /* CBPWKLSimpleDataAction.h */,
				F2CBB29E1D92542200EEB2E9 /* CBPWKLSimpleDataAction.m */,
				F2C548FE1D644DEC00A665F3 /* CBPWKLSynchronizeParameterAction.h */,
				F2C548FF1D644DEC00A665F3 /* CBPWKLSynchronizeParameterAction.m */,
				F2C549001D644DEC00A665F3 /* CBPWKLTransparentTransmissionAction.h */,
				F2C549011D644DEC00A665F3 /* CBPWKLTransparentTransmissionAction.m */,
			);
			path = Action;
			sourceTree = "<group>";
		};
		F2C548C91D62FC4E00A665F3 /* Client */ = {
			isa = PBXGroup;
			children = (
			);
			path = Client;
			sourceTree = "<group>";
		};
		F2C548CA1D62FC4E00A665F3 /* Controller */ = {
			isa = PBXGroup;
			children = (
				F2C548EC1D630B4800A665F3 /* CBPWKLController.h */,
				F2C548ED1D630B4800A665F3 /* CBPWKLController.m */,
				F20E519F1DACBE6400046732 /* CBPQuinticUpgradeController.h */,
				F20E51A01DACBE6400046732 /* CBPQuinticUpgradeController.m */,
				F20E51A21DACBE7C00046732 /* CBPDialogUpgradeController.h */,
				F20E51A31DACBE7C00046732 /* CBPDialogUpgradeController.m */,
			);
			path = Controller;
			sourceTree = "<group>";
		};
		F2C548CB1D62FC4E00A665F3 /* Device */ = {
			isa = PBXGroup;
			children = (
				F20B57221DB0828000688D4E /* CBPWKLDialogUpgradeDevice.h */,
				F20B57231DB0828000688D4E /* CBPWKLDialogUpgradeDevice.m */,
			);
			path = Device;
			sourceTree = "<group>";
		};
		F2C548CC1D62FC4E00A665F3 /* Error */ = {
			isa = PBXGroup;
			children = (
			);
			path = Error;
			sourceTree = "<group>";
		};
		F2C548CD1D62FC4E00A665F3 /* Model */ = {
			isa = PBXGroup;
			children = (
				F20B56841DAF80CB00688D4E /* CBPWKLServiceCharacteristicModel.h */,
				F20B56851DAF80CB00688D4E /* CBPWKLServiceCharacteristicModel.m */,
				F20B572B1DB08B8000688D4E /* CBPWKLDialogUpgradeServiceCharacteristicModel.h */,
				F20B572C1DB08B8000688D4E /* CBPWKLDialogUpgradeServiceCharacteristicModel.m */,
			);
			path = Model;
			sourceTree = "<group>";
		};
		F2C548CE1D62FC4E00A665F3 /* UnityTool */ = {
			isa = PBXGroup;
			children = (
				F20B56811DAF7E0B00688D4E /* CBPWKLServiceCharacteristicManager.h */,
				F20B56821DAF7E0B00688D4E /* CBPWKLServiceCharacteristicManager.m */,
				F20B57281DB0859900688D4E /* CBPWKLDialogUpgradeServiceCharacteristicManager.h */,
				F20B57291DB0859900688D4E /* CBPWKLDialogUpgradeServiceCharacteristicManager.m */,
				F20E51911DACACEA00046732 /* OTA */,
			);
			path = UnityTool;
			sourceTree = "<group>";
		};
		F2C548CF1D62FC4E00A665F3 /* WorkingManager */ = {
			isa = PBXGroup;
			children = (
			);
			path = WorkingManager;
			sourceTree = "<group>";
		};
		F2DAE6291D6BE60100E01238 /* Plist */ = {
			isa = PBXGroup;
			children = (
				F2DAE62A1D6BE60100E01238 /* CBPBluetooth.plist */,
				F2DAE62B1D6BE60100E01238 /* CBPDevice.plist */,
				F2DAE62C1D6BE60100E01238 /* CBPUpgradeWay.plist */,
				F2DAE62D1D6BE60100E01238 /* CBPWKLBluetooth.plist */,
				F26DD4BA1D780A6F0043FED4 /* CBPInterface.plist */,
				F261537D1D7D259E008230B4 /* parameter_result.plist */,
			);
			name = Plist;
			path = WorkingManager/Plist;
			sourceTree = "<group>";
		};
/* End PBXGroup section */

/* Begin PBXNativeTarget section */
		F255990D1DB860390057E2D3 /* CoreBluetoothPlusSDKDemo */ = {
			isa = PBXNativeTarget;
			buildConfigurationList = F25599241DB860390057E2D3 /* Build configuration list for PBXNativeTarget "CoreBluetoothPlusSDKDemo" */;
			buildPhases = (
				F255990A1DB860390057E2D3 /* Sources */,
				F255990B1DB860390057E2D3 /* Frameworks */,
				F255990C1DB860390057E2D3 /* Resources */,
			);
			buildRules = (
			);
			dependencies = (
			);
			name = CoreBluetoothPlusSDKDemo;
			productName = CoreBluetoothPlusSDKDemo;
			productReference = F255990E1DB860390057E2D3 /* CoreBluetoothPlusSDKDemo.app */;
			productType = "com.apple.product-type.application";
		};
		F27637121D61A45F006597AC /* CoreBluetoothPlusSDK */ = {
			isa = PBXNativeTarget;
			buildConfigurationList = F276372A1D61A45F006597AC /* Build configuration list for PBXNativeTarget "CoreBluetoothPlusSDK" */;
			buildPhases = (
				F276370F1D61A45F006597AC /* Sources */,
				F27637101D61A45F006597AC /* Frameworks */,
				F27637111D61A45F006597AC /* Resources */,
			);
			buildRules = (
			);
			dependencies = (
			);
			name = CoreBluetoothPlusSDK;
			productName = CoreBluetoothPlusSDK;
			productReference = F27637131D61A45F006597AC /* CoreBluetoothPlusSDK.app */;
			productType = "com.apple.product-type.application";
		};
/* End PBXNativeTarget section */

/* Begin PBXProject section */
		F276370B1D61A45F006597AC /* Project object */ = {
			isa = PBXProject;
			attributes = {
				LastUpgradeCheck = 0800;
				ORGANIZATIONNAME = huangxiong;
				TargetAttributes = {
					F255990D1DB860390057E2D3 = {
						CreatedOnToolsVersion = 8.0;
						DevelopmentTeam = U9662QUFW3;
						ProvisioningStyle = Automatic;
					};
					F27637121D61A45F006597AC = {
						CreatedOnToolsVersion = 7.3.1;
						DevelopmentTeam = U9662QUFW3;
					};
				};
			};
			buildConfigurationList = F276370E1D61A45F006597AC /* Build configuration list for PBXProject "CoreBluetoothPlusSDK" */;
			compatibilityVersion = "Xcode 3.2";
			developmentRegion = English;
			hasScannedForEncodings = 0;
			knownRegions = (
				en,
				Base,
			);
			mainGroup = F276370A1D61A45F006597AC;
			productRefGroup = F27637141D61A45F006597AC /* Products */;
			projectDirPath = "";
			projectRoot = "";
			targets = (
				F27637121D61A45F006597AC /* CoreBluetoothPlusSDK */,
				F255990D1DB860390057E2D3 /* CoreBluetoothPlusSDKDemo */,
			);
		};
/* End PBXProject section */

/* Begin PBXResourcesBuildPhase section */
		F255990C1DB860390057E2D3 /* Resources */ = {
			isa = PBXResourcesBuildPhase;
			buildActionMask = 2147483647;
			files = (
				F25599201DB860390057E2D3 /* LaunchScreen.storyboard in Resources */,
				F255991D1DB860390057E2D3 /* Assets.xcassets in Resources */,
				F255991B1DB860390057E2D3 /* Main.storyboard in Resources */,
			);
			runOnlyForDeploymentPostprocessing = 0;
		};
		F27637111D61A45F006597AC /* Resources */ = {
			isa = PBXResourcesBuildPhase;
			buildActionMask = 2147483647;
			files = (
				F27637261D61A45F006597AC /* LaunchScreen.storyboard in Resources */,
				F264B4CB1D9E5B9800E80B67 /* firmware.png in Resources */,
				F20B572F1DB0C48900688D4E /* W079A_V0.18_B20151103.img in Resources */,
				F2DAE6301D6BE60100E01238 /* CBPUpgradeWay.plist in Resources */,
				F24189B11D912512002E2914 /* MJRefresh.bundle in Resources */,
				F26DD4BB1D780A6F0043FED4 /* CBPInterface.plist in Resources */,
				F26153861D7E66D8008230B4 /* CBPStepTableViewCell.xib in Resources */,
				F2DAE6311D6BE60100E01238 /* CBPWKLBluetooth.plist in Resources */,
				F2E237A01DADD8710013DCC1 /* W007A_V0.54_JingHua_B20150714.bin in Resources */,
				F2E237801DACE5400013DCC1 /* W007C_V0.51_B20150724A_app.bin in Resources */,
				F27637231D61A45F006597AC /* Assets.xcassets in Resources */,
				F2DAE62F1D6BE60100E01238 /* CBPDevice.plist in Resources */,
				F264B4D11D9E62C800E80B67 /* Update_V26_0814_1900.BIN in Resources */,
				F2E237A41DADE51B0013DCC1 /* enW007A_V0.54_JingHua_B20150714.bin in Resources */,
				F27637211D61A45F006597AC /* Main.storyboard in Resources */,
				F26153911D7E9771008230B4 /* CBPSleepTableViewCell.xib in Resources */,
				F2DAE62E1D6BE60100E01238 /* CBPBluetooth.plist in Resources */,
				F261537E1D7D259E008230B4 /* parameter_result.plist in Resources */,
			);
			runOnlyForDeploymentPostprocessing = 0;
		};
/* End PBXResourcesBuildPhase section */

/* Begin PBXSourcesBuildPhase section */
		F255990A1DB860390057E2D3 /* Sources */ = {
			isa = PBXSourcesBuildPhase;
			buildActionMask = 2147483647;
			files = (
				F25599181DB860390057E2D3 /* ViewController.m in Sources */,
				F25599151DB860390057E2D3 /* AppDelegate.m in Sources */,
				F25599121DB860390057E2D3 /* main.m in Sources */,
			);
			runOnlyForDeploymentPostprocessing = 0;
		};
		F276370F1D61A45F006597AC /* Sources */ = {
			isa = PBXSourcesBuildPhase;
			buildActionMask = 2147483647;
			files = (
				F24189AE1D912512002E2914 /* MJRefreshGifHeader.m in Sources */,
				F261539A1D7EB0B6008230B4 /* CBPWKLRestartAction.m in Sources */,
				F2C549021D644DEC00A665F3 /* CBPWKLBindDeviceAction.m in Sources */,
				F2C548EA1D6309F200A665F3 /* CBPHexStringManager.mm in Sources */,
				F2C549051D644DEC00A665F3 /* CBPWKLSimpleControlAction.m in Sources */,
				F2C548D21D62FCBE00A665F3 /* CBPBaseDevice.m in Sources */,
				F22228E31D810C7A00167379 /* CBPWKLWaterCupsAction.m in Sources */,
				F2C549081D644DEC00A665F3 /* CBPWKLSynchronizeParameterAction.m in Sources */,
				F20E51A41DACBE7C00046732 /* CBPDialogUpgradeController.m in Sources */,
				F264B53C1DAB6E4000E80B67 /* CBPWKLDialogFirmwareUpgradeAction.m in Sources */,
				F24189AC1D912512002E2914 /* MJRefreshBackNormalFooter.m in Sources */,
				F276371E1D61A45F006597AC /* ViewController.m in Sources */,
				F2C548EB1D6309F200A665F3 /* CBPStringToHex.mm in Sources */,
				F26153941D7EA139008230B4 /* CBPWKLQueryDeviceVersionAction.m in Sources */,
				F2C548EE1D630B4800A665F3 /* CBPWKLController.m in Sources */,
				F2C548E51D6308B700A665F3 /* CBPBaseController.m in Sources */,
				F20B572A1DB0859900688D4E /* CBPWKLDialogUpgradeServiceCharacteristicManager.m in Sources */,
				F24189B61D912512002E2914 /* UIView+MJExtension.m in Sources */,
				F20E519E1DACAD3B00046732 /* CBPWKLQuinticFirmwareUpgradeAction.m in Sources */,
				F24189A91D912512002E2914 /* MJRefreshAutoNormalFooter.m in Sources */,
				F2C548E21D63084C00A665F3 /* CBPBaseWorkingManager.m in Sources */,
				F26DD4C11D7816F50043FED4 /* CBPWKLPedometerTimeIntervalAction.m in Sources */,
				F2C549091D644DEC00A665F3 /* CBPWKLTransparentTransmissionAction.m in Sources */,
				F20B572D1DB08B8000688D4E /* CBPWKLDialogUpgradeServiceCharacteristicModel.m in Sources */,
				F2C548D51D62FDBF00A665F3 /* CBPBaseAction.m in Sources */,
				F26153901D7E9771008230B4 /* CBPSleepTableViewCell.m in Sources */,
				F26153891D7E6D0F008230B4 /* CBPWKLSynchronizeSleepAction.m in Sources */,
				F24E97BE1D86B178001AB1FB /* CBPBinStringManager.mm in Sources */,
				F20B56861DAF80CB00688D4E /* CBPWKLServiceCharacteristicModel.m in Sources */,
				F261538C1D7E9476008230B4 /* SynchronizeSleepTableViewController.m in Sources */,
				F26DD4BE1D7810320043FED4 /* CBPShowResultTableViewController.m in Sources */,
				F20B57241DB0828000688D4E /* CBPWKLDialogUpgradeDevice.m in Sources */,
				F26DD4CD1D7821490043FED4 /* CBPWKLSynchronizeStepAction.m in Sources */,
				F2C548C21D62FC4000A665F3 /* CBPBaseClient.m in Sources */,
				F20E519B1DACAD1300046732 /* qBleClient.m in Sources */,
				F24189B51D912512002E2914 /* UIScrollView+MJRefresh.m in Sources */,
				F261537C1D797F05008230B4 /* SynchronizeStepTableViewController.m in Sources */,
				F241896C1D90DBA9002E2914 /* CBPWKLSynchronizeHeartRateAction.m in Sources */,
				F2C548C61D62FC4000A665F3 /* CBPBaseServiceModel.m in Sources */,
				F24189B21D912512002E2914 /* MJRefreshConst.m in Sources */,
				F20B56831DAF7E0B00688D4E /* CBPWKLServiceCharacteristicManager.m in Sources */,
				F2C548C31D62FC4000A665F3 /* CBPBaseActionDataModel.m in Sources */,
				F24189AB1D912512002E2914 /* MJRefreshBackGifFooter.m in Sources */,
				F24189A31D912512002E2914 /* MJRefreshAutoFooter.m in Sources */,
				F26153851D7E66D8008230B4 /* CBPStepTableViewCell.m in Sources */,
				F24189A51D912512002E2914 /* MJRefreshComponent.m in Sources */,
				F24189AD1D912512002E2914 /* MJRefreshBackStateFooter.m in Sources */,
				F24189A61D912512002E2914 /* MJRefreshFooter.m in Sources */,
				F2C548DF1D6307DD00A665F3 /* CBPBaseError.m in Sources */,
				F26DD4B91D75731E0043FED4 /* NSDate+CBPUtilityTool.m in Sources */,
				F20E51A11DACBE6400046732 /* CBPQuinticUpgradeController.m in Sources */,
				F241896F1D9111AC002E2914 /* CBPDeviceFuctionTableViewController.m in Sources */,
				F2B82CFE1D93C1DA0047E5DE /* CBPDispatchMessageManager.m in Sources */,
				F24189AF1D912512002E2914 /* MJRefreshNormalHeader.m in Sources */,
				F24189B41D912512002E2914 /* UIScrollView+MJExtension.m in Sources */,
				F24189AA1D912512002E2914 /* MJRefreshAutoStateFooter.m in Sources */,
				F24189A81D912512002E2914 /* MJRefreshAutoGifFooter.m in Sources */,
				F24189A41D912512002E2914 /* MJRefreshBackFooter.m in Sources */,
				F2CBB29F1D92542200EEB2E9 /* CBPWKLSimpleDataAction.m in Sources */,
				F2C548C51D62FC4000A665F3 /* CBPBasePeripheralModel.m in Sources */,
				F24189B31D912512002E2914 /* NSBundle+MJRefresh.m in Sources */,
				F264B53F1DAB6E7F00E80B67 /* CBPWKLCypressFirmwareUpgradeAction.m in Sources */,
				F276371B1D61A45F006597AC /* AppDelegate.m in Sources */,
				F27637181D61A45F006597AC /* main.m in Sources */,
				F26153971D7EAA2E008230B4 /* CBPWKLFirmwareUpgradeAction.m in Sources */,
				F24189B01D912512002E2914 /* MJRefreshStateHeader.m in Sources */,
				F2C548C41D62FC4000A665F3 /* CBPBaseCharacteristicModel.m in Sources */,
				F24189A71D912512002E2914 /* MJRefreshHeader.m in Sources */,
			);
			runOnlyForDeploymentPostprocessing = 0;
		};
/* End PBXSourcesBuildPhase section */

/* Begin PBXVariantGroup section */
		F25599191DB860390057E2D3 /* Main.storyboard */ = {
			isa = PBXVariantGroup;
			children = (
				F255991A1DB860390057E2D3 /* Base */,
			);
			name = Main.storyboard;
			sourceTree = "<group>";
		};
		F255991E1DB860390057E2D3 /* LaunchScreen.storyboard */ = {
			isa = PBXVariantGroup;
			children = (
				F255991F1DB860390057E2D3 /* Base */,
			);
			name = LaunchScreen.storyboard;
			sourceTree = "<group>";
		};
		F276371F1D61A45F006597AC /* Main.storyboard */ = {
			isa = PBXVariantGroup;
			children = (
				F27637201D61A45F006597AC /* Base */,
			);
			name = Main.storyboard;
			sourceTree = "<group>";
		};
		F27637241D61A45F006597AC /* LaunchScreen.storyboard */ = {
			isa = PBXVariantGroup;
			children = (
				F27637251D61A45F006597AC /* Base */,
			);
			name = LaunchScreen.storyboard;
			sourceTree = "<group>";
		};
/* End PBXVariantGroup section */

/* Begin XCBuildConfiguration section */
		F25599221DB860390057E2D3 /* Debug */ = {
			isa = XCBuildConfiguration;
			buildSettings = {
				ASSETCATALOG_COMPILER_APPICON_NAME = AppIcon;
				CLANG_WARN_DOCUMENTATION_COMMENTS = YES;
				CLANG_WARN_SUSPICIOUS_MOVES = YES;
				DEVELOPMENT_TEAM = U9662QUFW3;
				ENABLE_STRICT_OBJC_MSGSEND = YES;
				INFOPLIST_FILE = CoreBluetoothPlusSDKDemo/Info.plist;
				IPHONEOS_DEPLOYMENT_TARGET = 10.0;
				LD_RUNPATH_SEARCH_PATHS = "$(inherited) @executable_path/Frameworks";
				PRODUCT_BUNDLE_IDENTIFIER = "com.new-life.CoreBluetoothPlusSDKDemo";
				PRODUCT_NAME = "$(TARGET_NAME)";
			};
			name = Debug;
		};
		F25599231DB860390057E2D3 /* Release */ = {
			isa = XCBuildConfiguration;
			buildSettings = {
				ASSETCATALOG_COMPILER_APPICON_NAME = AppIcon;
				CLANG_WARN_DOCUMENTATION_COMMENTS = YES;
				CLANG_WARN_SUSPICIOUS_MOVES = YES;
				DEVELOPMENT_TEAM = U9662QUFW3;
				ENABLE_STRICT_OBJC_MSGSEND = YES;
				INFOPLIST_FILE = CoreBluetoothPlusSDKDemo/Info.plist;
				IPHONEOS_DEPLOYMENT_TARGET = 10.0;
				LD_RUNPATH_SEARCH_PATHS = "$(inherited) @executable_path/Frameworks";
				PRODUCT_BUNDLE_IDENTIFIER = "com.new-life.CoreBluetoothPlusSDKDemo";
				PRODUCT_NAME = "$(TARGET_NAME)";
			};
			name = Release;
		};
		F27637281D61A45F006597AC /* Debug */ = {
			isa = XCBuildConfiguration;
			buildSettings = {
				ALWAYS_SEARCH_USER_PATHS = NO;
				CLANG_ANALYZER_NONNULL = YES;
				CLANG_CXX_LANGUAGE_STANDARD = "gnu++0x";
				CLANG_CXX_LIBRARY = "libc++";
				CLANG_ENABLE_MODULES = YES;
				CLANG_ENABLE_OBJC_ARC = YES;
				CLANG_WARN_BOOL_CONVERSION = YES;
				CLANG_WARN_CONSTANT_CONVERSION = YES;
				CLANG_WARN_DIRECT_OBJC_ISA_USAGE = YES_ERROR;
				CLANG_WARN_EMPTY_BODY = YES;
				CLANG_WARN_ENUM_CONVERSION = YES;
				CLANG_WARN_INFINITE_RECURSION = YES;
				CLANG_WARN_INT_CONVERSION = YES;
				CLANG_WARN_OBJC_ROOT_CLASS = YES_ERROR;
				CLANG_WARN_SUSPICIOUS_MOVE = YES;
				CLANG_WARN_UNREACHABLE_CODE = YES;
				CLANG_WARN__DUPLICATE_METHOD_MATCH = YES;
				"CODE_SIGN_IDENTITY[sdk=iphoneos*]" = "iPhone Developer";
				COPY_PHASE_STRIP = NO;
				DEBUG_INFORMATION_FORMAT = dwarf;
				ENABLE_STRICT_OBJC_MSGSEND = NO;
				ENABLE_TESTABILITY = YES;
				GCC_C_LANGUAGE_STANDARD = gnu99;
				GCC_DYNAMIC_NO_PIC = NO;
				GCC_NO_COMMON_BLOCKS = YES;
				GCC_OPTIMIZATION_LEVEL = 0;
				GCC_PREPROCESSOR_DEFINITIONS = (
					"DEBUG=1",
					"$(inherited)",
				);
				GCC_WARN_64_TO_32_BIT_CONVERSION = YES;
				GCC_WARN_ABOUT_RETURN_TYPE = YES_ERROR;
				GCC_WARN_UNDECLARED_SELECTOR = YES;
				GCC_WARN_UNINITIALIZED_AUTOS = YES_AGGRESSIVE;
				GCC_WARN_UNUSED_FUNCTION = YES;
				GCC_WARN_UNUSED_VARIABLE = YES;
				IPHONEOS_DEPLOYMENT_TARGET = 9.3;
				MTL_ENABLE_DEBUG_INFO = YES;
				ONLY_ACTIVE_ARCH = YES;
				SDKROOT = iphoneos;
				TARGETED_DEVICE_FAMILY = "1,2";
			};
			name = Debug;
		};
		F27637291D61A45F006597AC /* Release */ = {
			isa = XCBuildConfiguration;
			buildSettings = {
				ALWAYS_SEARCH_USER_PATHS = NO;
				CLANG_ANALYZER_NONNULL = YES;
				CLANG_CXX_LANGUAGE_STANDARD = "gnu++0x";
				CLANG_CXX_LIBRARY = "libc++";
				CLANG_ENABLE_MODULES = YES;
				CLANG_ENABLE_OBJC_ARC = YES;
				CLANG_WARN_BOOL_CONVERSION = YES;
				CLANG_WARN_CONSTANT_CONVERSION = YES;
				CLANG_WARN_DIRECT_OBJC_ISA_USAGE = YES_ERROR;
				CLANG_WARN_EMPTY_BODY = YES;
				CLANG_WARN_ENUM_CONVERSION = YES;
				CLANG_WARN_INFINITE_RECURSION = YES;
				CLANG_WARN_INT_CONVERSION = YES;
				CLANG_WARN_OBJC_ROOT_CLASS = YES_ERROR;
				CLANG_WARN_SUSPICIOUS_MOVE = YES;
				CLANG_WARN_UNREACHABLE_CODE = YES;
				CLANG_WARN__DUPLICATE_METHOD_MATCH = YES;
				"CODE_SIGN_IDENTITY[sdk=iphoneos*]" = "iPhone Developer";
				COPY_PHASE_STRIP = NO;
				DEBUG_INFORMATION_FORMAT = "dwarf-with-dsym";
				ENABLE_NS_ASSERTIONS = NO;
				ENABLE_STRICT_OBJC_MSGSEND = NO;
				GCC_C_LANGUAGE_STANDARD = gnu99;
				GCC_NO_COMMON_BLOCKS = YES;
				GCC_WARN_64_TO_32_BIT_CONVERSION = YES;
				GCC_WARN_ABOUT_RETURN_TYPE = YES_ERROR;
				GCC_WARN_UNDECLARED_SELECTOR = YES;
				GCC_WARN_UNINITIALIZED_AUTOS = YES_AGGRESSIVE;
				GCC_WARN_UNUSED_FUNCTION = YES;
				GCC_WARN_UNUSED_VARIABLE = YES;
				IPHONEOS_DEPLOYMENT_TARGET = 9.3;
				MTL_ENABLE_DEBUG_INFO = NO;
				SDKROOT = iphoneos;
				TARGETED_DEVICE_FAMILY = "1,2";
				VALIDATE_PRODUCT = YES;
			};
			name = Release;
		};
		F276372B1D61A45F006597AC /* Debug */ = {
			isa = XCBuildConfiguration;
			buildSettings = {
				ASSETCATALOG_COMPILER_APPICON_NAME = AppIcon;
				DEVELOPMENT_TEAM = U9662QUFW3;
				ENABLE_BITCODE = NO;
				ENABLE_STRICT_OBJC_MSGSEND = NO;
				INFOPLIST_FILE = CoreBluetoothPlusSDK/Info.plist;
				LD_RUNPATH_SEARCH_PATHS = "$(inherited) @executable_path/Frameworks";
				LIBRARY_SEARCH_PATHS = (
					"$(inherited)",
					"$(PROJECT_DIR)/CoreBluetoothPlusSDK/WKLBluetoothModule/UnityTool/OTA",
				);
				PRODUCT_BUNDLE_IDENTIFIER = "com.new-life.CoreBluetoothPlusSDK";
				PRODUCT_NAME = "$(TARGET_NAME)";
			};
			name = Debug;
		};
		F276372C1D61A45F006597AC /* Release */ = {
			isa = XCBuildConfiguration;
			buildSettings = {
				ASSETCATALOG_COMPILER_APPICON_NAME = AppIcon;
				DEVELOPMENT_TEAM = U9662QUFW3;
				ENABLE_BITCODE = NO;
				ENABLE_STRICT_OBJC_MSGSEND = NO;
				INFOPLIST_FILE = CoreBluetoothPlusSDK/Info.plist;
				LD_RUNPATH_SEARCH_PATHS = "$(inherited) @executable_path/Frameworks";
				LIBRARY_SEARCH_PATHS = (
					"$(inherited)",
					"$(PROJECT_DIR)/CoreBluetoothPlusSDK/WKLBluetoothModule/UnityTool/OTA",
				);
				PRODUCT_BUNDLE_IDENTIFIER = "com.new-life.CoreBluetoothPlusSDK";
				PRODUCT_NAME = "$(TARGET_NAME)";
			};
			name = Release;
		};
/* End XCBuildConfiguration section */

/* Begin XCConfigurationList section */
		F25599241DB860390057E2D3 /* Build configuration list for PBXNativeTarget "CoreBluetoothPlusSDKDemo" */ = {
			isa = XCConfigurationList;
			buildConfigurations = (
				F25599221DB860390057E2D3 /* Debug */,
				F25599231DB860390057E2D3 /* Release */,
			);
			defaultConfigurationIsVisible = 0;
		};
		F276370E1D61A45F006597AC /* Build configuration list for PBXProject "CoreBluetoothPlusSDK" */ = {
			isa = XCConfigurationList;
			buildConfigurations = (
				F27637281D61A45F006597AC /* Debug */,
				F27637291D61A45F006597AC /* Release */,
			);
			defaultConfigurationIsVisible = 0;
			defaultConfigurationName = Release;
		};
		F276372A1D61A45F006597AC /* Build configuration list for PBXNativeTarget "CoreBluetoothPlusSDK" */ = {
			isa = XCConfigurationList;
			buildConfigurations = (
				F276372B1D61A45F006597AC /* Debug */,
				F276372C1D61A45F006597AC /* Release */,
			);
			defaultConfigurationIsVisible = 0;
			defaultConfigurationName = Release;
		};
/* End XCConfigurationList section */
	};
	rootObject = F276370B1D61A45F006597AC /* Project object */;
}
